Microsoft Visual Studio Solution File, Format Version 12.00
# Visual Studio Version 17
VisualStudioVersion = 17.0.32014.148
MinimumVisualStudioVersion = 10.0.40219.1
Project("{9A19103F-16F7-4668-BE54-9A1E7A4F7556}") = "Slithin", "Slithin.csproj", "{8D6DDA9F-C8F3-4EDB-8D4A-9CDC729C0F29}"
EndProject
Project("{2150E333-8FDC-42A3-9474-1A3956D46DE8}") = "Solution Items", "Solution Items", "{19714095-490C-41EE-B64E-C0046D452830}"
	ProjectSection(SolutionItems) = preProject
		.editorconfig = .editorconfig
		ToDo.txt = ToDo.txt
	EndProjectSection
EndProject
Project("{9A19103F-16F7-4668-BE54-9A1E7A4F7556}") = "Slithin.ActionCompiler", "..\Slithin.ActionCompiler\Slithin.ActionCompiler.csproj", "{300E26B3-AFD1-4C3D-87C6-FE2E45D69236}"
EndProject
Project("{9A19103F-16F7-4668-BE54-9A1E7A4F7556}") = "Slithin.ModuleSystem", "..\Slithin.ModuleSystem\Slithin.ModuleSystem.csproj", "{53A709F5-430C-4644-839B-2360C5590CEF}"
EndProject
Project("{9A19103F-16F7-4668-BE54-9A1E7A4F7556}") = "Slithin.Tests", "..\Slithin.Tests\Slithin.Tests.csproj", "{CC751B5B-00A8-414C-9AEF-3500E215C056}"
EndProject
Project("{C7167F0D-BC9F-4E6E-AFE1-012C56B48DB5}") = "Windows-Store", "..\..\Deployment\Windows-Store\Windows-Store.wapproj", "{A5736025-43AD-4D65-BF62-950C9646E15C}"
EndProject
Project("{13B669BE-BB05-4DDF-9536-439F39A36129}") = "WebApi", "..\..\Api\WebApi.msbuildproj", "{01E42E9B-2D1E-490B-BAC2-8034A889AB7A}"
EndProject
Project("{9A19103F-16F7-4668-BE54-9A1E7A4F7556}") = "Slithin.ModuleSystem.StdLib", "..\Slithin.ModuleSystem.StdLib\Slithin.ModuleSystem.StdLib.csproj", "{BC52B7E6-9FB8-4F57-9FDE-5400DF82CBC0}"
EndProject
Project("{9A19103F-16F7-4668-BE54-9A1E7A4F7556}") = "Slithin.ModuleSystem.Memory", "..\Slithin.ModuleSystem.Memory\Slithin.ModuleSystem.Memory.csproj", "{6D8F0D32-B765-4863-A083-0421365D43C8}"
EndProject
Global
	GlobalSection(SolutionConfigurationPlatforms) = preSolution
		Debug|Any CPU = Debug|Any CPU
		Debug|ARM = Debug|ARM
		Debug|ARM64 = Debug|ARM64
		Debug|x64 = Debug|x64
		Debug|x86 = Debug|x86
		Release|Any CPU = Release|Any CPU
		Release|ARM = Release|ARM
		Release|ARM64 = Release|ARM64
		Release|x64 = Release|x64
		Release|x86 = Release|x86
	EndGlobalSection
	GlobalSection(ProjectConfigurationPlatforms) = postSolution
		{8D6DDA9F-C8F3-4EDB-8D4A-9CDC729C0F29}.Debug|Any CPU.ActiveCfg = Debug|Any CPU
		{8D6DDA9F-C8F3-4EDB-8D4A-9CDC729C0F29}.Debug|Any CPU.Build.0 = Debug|Any CPU
		{8D6DDA9F-C8F3-4EDB-8D4A-9CDC729C0F29}.Debug|ARM.ActiveCfg = Debug|ARM32
		{8D6DDA9F-C8F3-4EDB-8D4A-9CDC729C0F29}.Debug|ARM.Build.0 = Debug|ARM32
		{8D6DDA9F-C8F3-4EDB-8D4A-9CDC729C0F29}.Debug|ARM64.ActiveCfg = Debug|ARM64
		{8D6DDA9F-C8F3-4EDB-8D4A-9CDC729C0F29}.Debug|ARM64.Build.0 = Debug|ARM64
		{8D6DDA9F-C8F3-4EDB-8D4A-9CDC729C0F29}.Debug|x64.ActiveCfg = Debug|x64
		{8D6DDA9F-C8F3-4EDB-8D4A-9CDC729C0F29}.Debug|x64.Build.0 = Debug|x64
		{8D6DDA9F-C8F3-4EDB-8D4A-9CDC729C0F29}.Debug|x86.ActiveCfg = Debug|x86
		{8D6DDA9F-C8F3-4EDB-8D4A-9CDC729C0F29}.Debug|x86.Build.0 = Debug|x86
		{8D6DDA9F-C8F3-4EDB-8D4A-9CDC729C0F29}.Release|Any CPU.ActiveCfg = Release|Any CPU
		{8D6DDA9F-C8F3-4EDB-8D4A-9CDC729C0F29}.Release|Any CPU.Build.0 = Release|Any CPU
		{8D6DDA9F-C8F3-4EDB-8D4A-9CDC729C0F29}.Release|ARM.ActiveCfg = Release|ARM32
		{8D6DDA9F-C8F3-4EDB-8D4A-9CDC729C0F29}.Release|ARM.Build.0 = Release|ARM32
		{8D6DDA9F-C8F3-4EDB-8D4A-9CDC729C0F29}.Release|ARM64.ActiveCfg = Release|ARM64
		{8D6DDA9F-C8F3-4EDB-8D4A-9CDC729C0F29}.Release|ARM64.Build.0 = Release|ARM64
		{8D6DDA9F-C8F3-4EDB-8D4A-9CDC729C0F29}.Release|x64.ActiveCfg = Release|x64
		{8D6DDA9F-C8F3-4EDB-8D4A-9CDC729C0F29}.Release|x64.Build.0 = Release|x64
		{8D6DDA9F-C8F3-4EDB-8D4A-9CDC729C0F29}.Release|x86.ActiveCfg = Release|x86
		{8D6DDA9F-C8F3-4EDB-8D4A-9CDC729C0F29}.Release|x86.Build.0 = Release|x86
		{300E26B3-AFD1-4C3D-87C6-FE2E45D69236}.Debug|Any CPU.ActiveCfg = Debug|Any CPU
		{300E26B3-AFD1-4C3D-87C6-FE2E45D69236}.Debug|Any CPU.Build.0 = Debug|Any CPU
		{300E26B3-AFD1-4C3D-87C6-FE2E45D69236}.Debug|ARM.ActiveCfg = Debug|Any CPU
		{300E26B3-AFD1-4C3D-87C6-FE2E45D69236}.Debug|ARM.Build.0 = Debug|Any CPU
		{300E26B3-AFD1-4C3D-87C6-FE2E45D69236}.Debug|ARM64.ActiveCfg = Debug|Any CPU
		{300E26B3-AFD1-4C3D-87C6-FE2E45D69236}.Debug|ARM64.Build.0 = Debug|Any CPU
		{300E26B3-AFD1-4C3D-87C6-FE2E45D69236}.Debug|x64.ActiveCfg = Debug|Any CPU
		{300E26B3-AFD1-4C3D-87C6-FE2E45D69236}.Debug|x64.Build.0 = Debug|Any CPU
		{300E26B3-AFD1-4C3D-87C6-FE2E45D69236}.Debug|x86.ActiveCfg = Debug|Any CPU
		{300E26B3-AFD1-4C3D-87C6-FE2E45D69236}.Debug|x86.Build.0 = Debug|Any CPU
		{300E26B3-AFD1-4C3D-87C6-FE2E45D69236}.Release|Any CPU.ActiveCfg = Release|Any CPU
		{300E26B3-AFD1-4C3D-87C6-FE2E45D69236}.Release|Any CPU.Build.0 = Release|Any CPU
		{300E26B3-AFD1-4C3D-87C6-FE2E45D69236}.Release|ARM.ActiveCfg = Release|Any CPU
		{300E26B3-AFD1-4C3D-87C6-FE2E45D69236}.Release|ARM.Build.0 = Release|Any CPU
		{300E26B3-AFD1-4C3D-87C6-FE2E45D69236}.Release|ARM64.ActiveCfg = Release|Any CPU
		{300E26B3-AFD1-4C3D-87C6-FE2E45D69236}.Release|ARM64.Build.0 = Release|Any CPU
		{300E26B3-AFD1-4C3D-87C6-FE2E45D69236}.Release|x64.ActiveCfg = Release|Any CPU
		{300E26B3-AFD1-4C3D-87C6-FE2E45D69236}.Release|x64.Build.0 = Release|Any CPU
		{300E26B3-AFD1-4C3D-87C6-FE2E45D69236}.Release|x86.ActiveCfg = Release|Any CPU
		{300E26B3-AFD1-4C3D-87C6-FE2E45D69236}.Release|x86.Build.0 = Release|Any CPU
		{53A709F5-430C-4644-839B-2360C5590CEF}.Debug|Any CPU.ActiveCfg = Debug|Any CPU
		{53A709F5-430C-4644-839B-2360C5590CEF}.Debug|Any CPU.Build.0 = Debug|Any CPU
		{53A709F5-430C-4644-839B-2360C5590CEF}.Debug|ARM.ActiveCfg = Debug|Any CPU
		{53A709F5-430C-4644-839B-2360C5590CEF}.Debug|ARM.Build.0 = Debug|Any CPU
		{53A709F5-430C-4644-839B-2360C5590CEF}.Debug|ARM64.ActiveCfg = Debug|Any CPU
		{53A709F5-430C-4644-839B-2360C5590CEF}.Debug|ARM64.Build.0 = Debug|Any CPU
		{53A709F5-430C-4644-839B-2360C5590CEF}.Debug|x64.ActiveCfg = Debug|Any CPU
		{53A709F5-430C-4644-839B-2360C5590CEF}.Debug|x64.Build.0 = Debug|Any CPU
		{53A709F5-430C-4644-839B-2360C5590CEF}.Debug|x86.ActiveCfg = Debug|Any CPU
		{53A709F5-430C-4644-839B-2360C5590CEF}.Debug|x86.Build.0 = Debug|Any CPU
		{53A709F5-430C-4644-839B-2360C5590CEF}.Release|Any CPU.ActiveCfg = Release|Any CPU
		{53A709F5-430C-4644-839B-2360C5590CEF}.Release|Any CPU.Build.0 = Release|Any CPU
		{53A709F5-430C-4644-839B-2360C5590CEF}.Release|ARM.ActiveCfg = Release|Any CPU
		{53A709F5-430C-4644-839B-2360C5590CEF}.Release|ARM.Build.0 = Release|Any CPU
		{53A709F5-430C-4644-839B-2360C5590CEF}.Release|ARM64.ActiveCfg = Release|Any CPU
		{53A709F5-430C-4644-839B-2360C5590CEF}.Release|ARM64.Build.0 = Release|Any CPU
		{53A709F5-430C-4644-839B-2360C5590CEF}.Release|x64.ActiveCfg = Release|Any CPU
		{53A709F5-430C-4644-839B-2360C5590CEF}.Release|x64.Build.0 = Release|Any CPU
		{53A709F5-430C-4644-839B-2360C5590CEF}.Release|x86.ActiveCfg = Release|Any CPU
		{53A709F5-430C-4644-839B-2360C5590CEF}.Release|x86.Build.0 = Release|Any CPU
		{CC751B5B-00A8-414C-9AEF-3500E215C056}.Debug|Any CPU.ActiveCfg = Debug|Any CPU
		{CC751B5B-00A8-414C-9AEF-3500E215C056}.Debug|Any CPU.Build.0 = Debug|Any CPU
		{CC751B5B-00A8-414C-9AEF-3500E215C056}.Debug|ARM.ActiveCfg = Debug|Any CPU
		{CC751B5B-00A8-414C-9AEF-3500E215C056}.Debug|ARM.Build.0 = Debug|Any CPU
		{CC751B5B-00A8-414C-9AEF-3500E215C056}.Debug|ARM64.ActiveCfg = Debug|Any CPU
		{CC751B5B-00A8-414C-9AEF-3500E215C056}.Debug|ARM64.Build.0 = Debug|Any CPU
		{CC751B5B-00A8-414C-9AEF-3500E215C056}.Debug|x64.ActiveCfg = Debug|Any CPU
		{CC751B5B-00A8-414C-9AEF-3500E215C056}.Debug|x64.Build.0 = Debug|Any CPU
		{CC751B5B-00A8-414C-9AEF-3500E215C056}.Debug|x86.ActiveCfg = Debug|Any CPU
		{CC751B5B-00A8-414C-9AEF-3500E215C056}.Debug|x86.Build.0 = Debug|Any CPU
		{CC751B5B-00A8-414C-9AEF-3500E215C056}.Release|Any CPU.ActiveCfg = Release|Any CPU
		{CC751B5B-00A8-414C-9AEF-3500E215C056}.Release|Any CPU.Build.0 = Release|Any CPU
		{CC751B5B-00A8-414C-9AEF-3500E215C056}.Release|ARM.ActiveCfg = Release|Any CPU
		{CC751B5B-00A8-414C-9AEF-3500E215C056}.Release|ARM.Build.0 = Release|Any CPU
		{CC751B5B-00A8-414C-9AEF-3500E215C056}.Release|ARM64.ActiveCfg = Release|Any CPU
		{CC751B5B-00A8-414C-9AEF-3500E215C056}.Release|ARM64.Build.0 = Release|Any CPU
		{CC751B5B-00A8-414C-9AEF-3500E215C056}.Release|x64.ActiveCfg = Release|Any CPU
		{CC751B5B-00A8-414C-9AEF-3500E215C056}.Release|x64.Build.0 = Release|Any CPU
		{CC751B5B-00A8-414C-9AEF-3500E215C056}.Release|x86.ActiveCfg = Release|Any CPU
		{CC751B5B-00A8-414C-9AEF-3500E215C056}.Release|x86.Build.0 = Release|Any CPU
		{A5736025-43AD-4D65-BF62-950C9646E15C}.Debug|Any CPU.ActiveCfg = Debug|Any CPU
		{A5736025-43AD-4D65-BF62-950C9646E15C}.Debug|Any CPU.Build.0 = Debug|Any CPU
		{A5736025-43AD-4D65-BF62-950C9646E15C}.Debug|Any CPU.Deploy.0 = Debug|Any CPU
		{A5736025-43AD-4D65-BF62-950C9646E15C}.Debug|ARM.ActiveCfg = Debug|ARM
		{A5736025-43AD-4D65-BF62-950C9646E15C}.Debug|ARM.Build.0 = Debug|ARM
		{A5736025-43AD-4D65-BF62-950C9646E15C}.Debug|ARM.Deploy.0 = Debug|ARM
		{A5736025-43AD-4D65-BF62-950C9646E15C}.Debug|ARM64.ActiveCfg = Debug|ARM64
		{A5736025-43AD-4D65-BF62-950C9646E15C}.Debug|ARM64.Build.0 = Debug|ARM64
		{A5736025-43AD-4D65-BF62-950C9646E15C}.Debug|ARM64.Deploy.0 = Debug|ARM64
		{A5736025-43AD-4D65-BF62-950C9646E15C}.Debug|x64.ActiveCfg = Debug|x64
		{A5736025-43AD-4D65-BF62-950C9646E15C}.Debug|x64.Build.0 = Debug|x64
		{A5736025-43AD-4D65-BF62-950C9646E15C}.Debug|x64.Deploy.0 = Debug|x64
		{A5736025-43AD-4D65-BF62-950C9646E15C}.Debug|x86.ActiveCfg = Debug|x86
		{A5736025-43AD-4D65-BF62-950C9646E15C}.Debug|x86.Build.0 = Debug|x86
		{A5736025-43AD-4D65-BF62-950C9646E15C}.Debug|x86.Deploy.0 = Debug|x86
		{A5736025-43AD-4D65-BF62-950C9646E15C}.Release|Any CPU.ActiveCfg = Release|Any CPU
		{A5736025-43AD-4D65-BF62-950C9646E15C}.Release|Any CPU.Build.0 = Release|Any CPU
		{A5736025-43AD-4D65-BF62-950C9646E15C}.Release|Any CPU.Deploy.0 = Release|Any CPU
		{A5736025-43AD-4D65-BF62-950C9646E15C}.Release|ARM.ActiveCfg = Release|ARM
		{A5736025-43AD-4D65-BF62-950C9646E15C}.Release|ARM.Build.0 = Release|ARM
		{A5736025-43AD-4D65-BF62-950C9646E15C}.Release|ARM.Deploy.0 = Release|ARM
		{A5736025-43AD-4D65-BF62-950C9646E15C}.Release|ARM64.ActiveCfg = Release|ARM64
		{A5736025-43AD-4D65-BF62-950C9646E15C}.Release|ARM64.Build.0 = Release|ARM64
		{A5736025-43AD-4D65-BF62-950C9646E15C}.Release|ARM64.Deploy.0 = Release|ARM64
		{A5736025-43AD-4D65-BF62-950C9646E15C}.Release|x64.ActiveCfg = Release|x64
		{A5736025-43AD-4D65-BF62-950C9646E15C}.Release|x64.Build.0 = Release|x64
		{A5736025-43AD-4D65-BF62-950C9646E15C}.Release|x64.Deploy.0 = Release|x64
		{A5736025-43AD-4D65-BF62-950C9646E15C}.Release|x86.ActiveCfg = Release|x86
		{A5736025-43AD-4D65-BF62-950C9646E15C}.Release|x86.Build.0 = Release|x86
		{A5736025-43AD-4D65-BF62-950C9646E15C}.Release|x86.Deploy.0 = Release|x86
		{01E42E9B-2D1E-490B-BAC2-8034A889AB7A}.Debug|Any CPU.ActiveCfg = Debug|Any CPU
		{01E42E9B-2D1E-490B-BAC2-8034A889AB7A}.Debug|Any CPU.Build.0 = Debug|Any CPU
		{01E42E9B-2D1E-490B-BAC2-8034A889AB7A}.Debug|ARM.ActiveCfg = Debug|Any CPU
		{01E42E9B-2D1E-490B-BAC2-8034A889AB7A}.Debug|ARM.Build.0 = Debug|Any CPU
		{01E42E9B-2D1E-490B-BAC2-8034A889AB7A}.Debug|ARM64.ActiveCfg = Debug|Any CPU
		{01E42E9B-2D1E-490B-BAC2-8034A889AB7A}.Debug|ARM64.Build.0 = Debug|Any CPU
		{01E42E9B-2D1E-490B-BAC2-8034A889AB7A}.Debug|x64.ActiveCfg = Debug|Any CPU
		{01E42E9B-2D1E-490B-BAC2-8034A889AB7A}.Debug|x64.Build.0 = Debug|Any CPU
		{01E42E9B-2D1E-490B-BAC2-8034A889AB7A}.Debug|x86.ActiveCfg = Debug|Any CPU
		{01E42E9B-2D1E-490B-BAC2-8034A889AB7A}.Debug|x86.Build.0 = Debug|Any CPU
		{01E42E9B-2D1E-490B-BAC2-8034A889AB7A}.Release|Any CPU.ActiveCfg = Release|Any CPU
		{01E42E9B-2D1E-490B-BAC2-8034A889AB7A}.Release|Any CPU.Build.0 = Release|Any CPU
		{01E42E9B-2D1E-490B-BAC2-8034A889AB7A}.Release|ARM.ActiveCfg = Release|Any CPU
		{01E42E9B-2D1E-490B-BAC2-8034A889AB7A}.Release|ARM.Build.0 = Release|Any CPU
		{01E42E9B-2D1E-490B-BAC2-8034A889AB7A}.Release|ARM64.ActiveCfg = Release|Any CPU
		{01E42E9B-2D1E-490B-BAC2-8034A889AB7A}.Release|ARM64.Build.0 = Release|Any CPU
		{01E42E9B-2D1E-490B-BAC2-8034A889AB7A}.Release|x64.ActiveCfg = Release|Any CPU
		{01E42E9B-2D1E-490B-BAC2-8034A889AB7A}.Release|x64.Build.0 = Release|Any CPU
		{01E42E9B-2D1E-490B-BAC2-8034A889AB7A}.Release|x86.ActiveCfg = Release|Any CPU
		{01E42E9B-2D1E-490B-BAC2-8034A889AB7A}.Release|x86.Build.0 = Release|Any CPU
		{BC52B7E6-9FB8-4F57-9FDE-5400DF82CBC0}.Debug|Any CPU.ActiveCfg = Debug|Any CPU
		{BC52B7E6-9FB8-4F57-9FDE-5400DF82CBC0}.Debug|Any CPU.Build.0 = Debug|Any CPU
		{BC52B7E6-9FB8-4F57-9FDE-5400DF82CBC0}.Debug|ARM.ActiveCfg = Debug|Any CPU
		{BC52B7E6-9FB8-4F57-9FDE-5400DF82CBC0}.Debug|ARM.Build.0 = Debug|Any CPU
		{BC52B7E6-9FB8-4F57-9FDE-5400DF82CBC0}.Debug|ARM64.ActiveCfg = Debug|Any CPU
		{BC52B7E6-9FB8-4F57-9FDE-5400DF82CBC0}.Debug|ARM64.Build.0 = Debug|Any CPU
		{BC52B7E6-9FB8-4F57-9FDE-5400DF82CBC0}.Debug|x64.ActiveCfg = Debug|Any CPU
		{BC52B7E6-9FB8-4F57-9FDE-5400DF82CBC0}.Debug|x64.Build.0 = Debug|Any CPU
		{BC52B7E6-9FB8-4F57-9FDE-5400DF82CBC0}.Debug|x86.ActiveCfg = Debug|Any CPU
		{BC52B7E6-9FB8-4F57-9FDE-5400DF82CBC0}.Debug|x86.Build.0 = Debug|Any CPU
		{BC52B7E6-9FB8-4F57-9FDE-5400DF82CBC0}.Release|Any CPU.ActiveCfg = Release|Any CPU
		{BC52B7E6-9FB8-4F57-9FDE-5400DF82CBC0}.Release|Any CPU.Build.0 = Release|Any CPU
		{BC52B7E6-9FB8-4F57-9FDE-5400DF82CBC0}.Release|ARM.ActiveCfg = Release|Any CPU
		{BC52B7E6-9FB8-4F57-9FDE-5400DF82CBC0}.Release|ARM.Build.0 = Release|Any CPU
		{BC52B7E6-9FB8-4F57-9FDE-5400DF82CBC0}.Release|ARM64.ActiveCfg = Release|Any CPU
		{BC52B7E6-9FB8-4F57-9FDE-5400DF82CBC0}.Release|ARM64.Build.0 = Release|Any CPU
		{BC52B7E6-9FB8-4F57-9FDE-5400DF82CBC0}.Release|x64.ActiveCfg = Release|Any CPU
		{BC52B7E6-9FB8-4F57-9FDE-5400DF82CBC0}.Release|x64.Build.0 = Release|Any CPU
		{BC52B7E6-9FB8-4F57-9FDE-5400DF82CBC0}.Release|x86.ActiveCfg = Release|Any CPU
		{BC52B7E6-9FB8-4F57-9FDE-5400DF82CBC0}.Release|x86.Build.0 = Release|Any CPU
		{6D8F0D32-B765-4863-A083-0421365D43C8}.Debug|Any CPU.ActiveCfg = Debug|Any CPU
		{6D8F0D32-B765-4863-A083-0421365D43C8}.Debug|Any CPU.Build.0 = Debug|Any CPU
		{6D8F0D32-B765-4863-A083-0421365D43C8}.Debug|ARM.ActiveCfg = Debug|Any CPU
		{6D8F0D32-B765-4863-A083-0421365D43C8}.Debug|ARM.Build.0 = Debug|Any CPU
		{6D8F0D32-B765-4863-A083-0421365D43C8}.Debug|ARM64.ActiveCfg = Debug|Any CPU
		{6D8F0D32-B765-4863-A083-0421365D43C8}.Debug|ARM64.Build.0 = Debug|Any CPU
		{6D8F0D32-B765-4863-A083-0421365D43C8}.Debug|x64.ActiveCfg = Debug|Any CPU
		{6D8F0D32-B765-4863-A083-0421365D43C8}.Debug|x64.Build.0 = Debug|Any CPU
		{6D8F0D32-B765-4863-A083-0421365D43C8}.Debug|x86.ActiveCfg = Debug|Any CPU
		{6D8F0D32-B765-4863-A083-0421365D43C8}.Debug|x86.Build.0 = Debug|Any CPU
		{6D8F0D32-B765-4863-A083-0421365D43C8}.Release|Any CPU.ActiveCfg = Release|Any CPU
		{6D8F0D32-B765-4863-A083-0421365D43C8}.Release|Any CPU.Build.0 = Release|Any CPU
		{6D8F0D32-B765-4863-A083-0421365D43C8}.Release|ARM.ActiveCfg = Release|Any CPU
		{6D8F0D32-B765-4863-A083-0421365D43C8}.Release|ARM.Build.0 = Release|Any CPU
		{6D8F0D32-B765-4863-A083-0421365D43C8}.Release|ARM64.ActiveCfg = Release|Any CPU
		{6D8F0D32-B765-4863-A083-0421365D43C8}.Release|ARM64.Build.0 = Release|Any CPU
		{6D8F0D32-B765-4863-A083-0421365D43C8}.Release|x64.ActiveCfg = Release|Any CPU
		{6D8F0D32-B765-4863-A083-0421365D43C8}.Release|x64.Build.0 = Release|Any CPU
		{6D8F0D32-B765-4863-A083-0421365D43C8}.Release|x86.ActiveCfg = Release|Any CPU
		{6D8F0D32-B765-4863-A083-0421365D43C8}.Release|x86.Build.0 = Release|Any CPU
	EndGlobalSection
	GlobalSection(SolutionProperties) = preSolution
		HideSolutionNode = FALSE
	EndGlobalSection
	GlobalSection(ExtensibilityGlobals) = postSolution
		SolutionGuid = {AEF28834-827B-4DA8-AC92-207A90616579}
	EndGlobalSection
EndGlobal
