Microsoft Visual Studio Solution File, Format Version 12.00
# Visual Studio Version 17
VisualStudioVersion = 17.0.32014.148
MinimumVisualStudioVersion = 10.0.40219.1
Project("{9A19103F-16F7-4668-BE54-9A1E7A4F7556}") = "Slithin", "Slithin.csproj", "{8D6DDA9F-C8F3-4EDB-8D4A-9CDC729C0F29}"
EndProject
Project("{2150E333-8FDC-42A3-9474-1A3956D46DE8}") = "Solution Items", "Solution Items", "{19714095-490C-41EE-B64E-C0046D452830}"
	ProjectSection(SolutionItems) = preProject
		..\.editorconfig = ..\.editorconfig
		Changelog.txt = Changelog.txt
	EndProjectSection
EndProject
Project("{9A19103F-16F7-4668-BE54-9A1E7A4F7556}") = "SlithinMarketplace", "..\SlithinMarketplace\SlithinMarketplace.csproj", "{8F09E81C-9C7F-46A8-9E75-B65D6AE9F96C}"
EndProject
Project("{9A19103F-16F7-4668-BE54-9A1E7A4F7556}") = "Slithin.Marketplace.Models", "..\Libraries\Slithin.Marketplace.Models\Slithin.Marketplace.Models.csproj", "{8198F07C-D6CB-470D-B524-8A7CE9A7EE23}"
EndProject
Project("{9A19103F-16F7-4668-BE54-9A1E7A4F7556}") = "ApiConsole", "..\ApiConsole\ApiConsole.csproj", "{875A7860-4C94-4425-A6E1-2F85C43142C0}"
EndProject
Project("{9A19103F-16F7-4668-BE54-9A1E7A4F7556}") = "Slithin.API.Lib", "..\Libraries\Slithin.API.Lib\Slithin.API.Lib.csproj", "{21D4B33C-F0E8-46F4-88D9-FAB94FD223C6}"
EndProject
Project("{2150E333-8FDC-42A3-9474-1A3956D46DE8}") = "Marketplace", "Marketplace", "{FEA8CA71-3E10-4590-8601-E0C3E6E91318}"
EndProject
Project("{2150E333-8FDC-42A3-9474-1A3956D46DE8}") = "New", "New", "{A17CBB1C-7E50-41AA-9CBF-D8E8BB74F38E}"
EndProject
Project("{2150E333-8FDC-42A3-9474-1A3956D46DE8}") = "Old", "Old", "{8BE947CA-064B-4CDF-90A7-81F8DE231B84}"
EndProject
Project("{9A19103F-16F7-4668-BE54-9A1E7A4F7556}") = "Slithin", "..\New\Slithin\Slithin.csproj", "{7E411443-B016-4003-A3BF-2727C56AB237}"
EndProject
Project("{2150E333-8FDC-42A3-9474-1A3956D46DE8}") = "Modules", "Modules", "{12F69518-D4DA-48C7-81FB-FFDA05C8A5C8}"
EndProject
Project("{9A19103F-16F7-4668-BE54-9A1E7A4F7556}") = "Slithin.Modules.Updater", "..\New\Modules\Slithin.Modules.Updater\Slithin.Modules.Updater.csproj", "{CC22A8B7-A0E8-4863-8794-2A788548A8A7}"
EndProject
Project("{9A19103F-16F7-4668-BE54-9A1E7A4F7556}") = "Slithin.Modules.Device", "..\New\Modules\Slithin.Modules.Device\Slithin.Modules.Device.csproj", "{EEFCDCB4-856C-445C-948D-33ECCE35911C}"
EndProject
Project("{9A19103F-16F7-4668-BE54-9A1E7A4F7556}") = "Slithin.Modules.Repository", "..\New\Modules\Slithin.Modules.Repository\Slithin.Modules.Repository.csproj", "{7EE7125B-AF9A-43B2-BB7B-EBBDDE1D6481}"
EndProject
Project("{9A19103F-16F7-4668-BE54-9A1E7A4F7556}") = "Slithin.Modules.Diagnostics.Sentry", "..\New\Modules\Slithin.Modules.Diagnostics.Sentry\Slithin.Modules.Diagnostics.Sentry.csproj", "{80143AA4-7CF5-4B34-933E-9A5439671547}"
EndProject
Project("{9A19103F-16F7-4668-BE54-9A1E7A4F7556}") = "Slithin.Modules.MarketplaceIntegration", "..\New\Modules\Slithin.Modules.MarketplaceIntegration\Slithin.Modules.MarketplaceIntegration.csproj", "{19E39809-FDB1-4AF1-B7AF-6B91AC44050B}"
EndProject
Project("{9A19103F-16F7-4668-BE54-9A1E7A4F7556}") = "Slithin.Modules.I18N", "..\New\Modules\Slithin.Modules.I18N\Slithin.Modules.I18N.csproj", "{51CD62AA-92DD-4DF0-A061-8F8CDDA87749}"
EndProject
Project("{2150E333-8FDC-42A3-9474-1A3956D46DE8}") = "Models", "Models", "{B45E51FF-56E7-4204-8A26-2AF63A270E60}"
EndProject
Project("{9A19103F-16F7-4668-BE54-9A1E7A4F7556}") = "Slithin.Modules.Device.Models", "..\New\Models\Slithin.Modules.Device.Models\Slithin.Modules.Device.Models.csproj", "{F43A59D0-F0BB-4E9F-BA91-74892DF27542}"
EndProject
Project("{9A19103F-16F7-4668-BE54-9A1E7A4F7556}") = "Slithin.Modules.Diagnostics.Sentry.Models", "..\New\Models\Slithin.Modules.Diagnostics.Sentry.Models\Slithin.Modules.Diagnostics.Sentry.Models.csproj", "{DCF9B471-43C6-471D-945F-83002BC245FC}"
EndProject
Project("{9A19103F-16F7-4668-BE54-9A1E7A4F7556}") = "Slithin.Modules.I18N.Models", "..\New\Models\Slithin.Modules.I18N.Models\Slithin.Modules.I18N.Models.csproj", "{8A05009B-E4CF-4C6B-B8B8-618107FC65FD}"
EndProject
Project("{9A19103F-16F7-4668-BE54-9A1E7A4F7556}") = "Slithin.Modules.Updater.Models", "..\New\Models\Slithin.Modules.Updater.Models\Slithin.Modules.Updater.Models.csproj", "{F282AEA6-B20C-4F84-B11E-1AF45877F23E}"
EndProject
Project("{9A19103F-16F7-4668-BE54-9A1E7A4F7556}") = "Slithin.Modules.Repository.Models", "..\New\Models\Slithin.Modules.Repository.Models\Slithin.Modules.Repository.Models.csproj", "{A0A7703A-641B-4FFD-A0E6-359028A36449}"
EndProject
Project("{9A19103F-16F7-4668-BE54-9A1E7A4F7556}") = "Slithin.Entities", "..\New\Slithin.Entities\Slithin.Entities.csproj", "{4BAA9267-444D-4DD4-8520-EC17B0A46C1E}"
EndProject
Project("{9A19103F-16F7-4668-BE54-9A1E7A4F7556}") = "Slithin.Modules.Cache.Models", "..\New\Models\Slitnin.Modules.Cache.Models\Slithin.Modules.Cache.Models.csproj", "{871C933B-0FC5-4B4B-A05C-F093A0BA49B4}"
EndProject
Project("{9A19103F-16F7-4668-BE54-9A1E7A4F7556}") = "Slithin.Modules.Caching", "..\New\Modules\Slithin.Modules.Caching\Slithin.Modules.Caching.csproj", "{6445F25F-458B-43ED-9CB3-63BBAE00C545}"
EndProject
Project("{9A19103F-16F7-4668-BE54-9A1E7A4F7556}") = "Slithin.Core", "..\New\Slithin.Core\Slithin.Core.csproj", "{EDFE22CA-367F-4DF2-829F-7FDDC492D471}"
EndProject
Project("{C7167F0D-BC9F-4E6E-AFE1-012C56B48DB5}") = "Windows-Store", "..\Windows-Store\Windows-Store.wapproj", "{A5736025-43AD-4D65-BF62-950C9646E15C}"
EndProject
Project("{9A19103F-16F7-4668-BE54-9A1E7A4F7556}") = "Slithin.Modules.Device.Mock", "..\New\Modules\Slithin.Modules.Device.Mock\Slithin.Modules.Device.Mock.csproj", "{D16A5DBD-8BED-4A9D-8A9A-F1474D8D0AFE}"
EndProject
Project("{FAE04EC0-301F-11D3-BF4B-00C04F79EFBC}") = "Slithin.Modules.Menu.Models", "..\New\Models\Slithin.Modules.Menu.Models\Slithin.Modules.Menu.Models.csproj", "{7AB5366A-AF40-4C03-9267-43153F3BA95A}"
EndProject
Project("{FAE04EC0-301F-11D3-BF4B-00C04F79EFBC}") = "Slithin.Modules.Menu", "..\New\Modules\Slithin.Modules.Menu\Slithin.Modules.Menu.csproj", "{CC1B5CA6-189A-41E7-B374-86AA70DF12FD}"
EndProject
Global
	GlobalSection(SolutionConfigurationPlatforms) = preSolution
		Debug|Any CPU = Debug|Any CPU
		Debug|ARM = Debug|ARM
		Debug|ARM32 = Debug|ARM32
		Debug|ARM64 = Debug|ARM64
		Debug|x64 = Debug|x64
		Debug|x86 = Debug|x86
		Release|Any CPU = Release|Any CPU
		Release|ARM = Release|ARM
		Release|ARM32 = Release|ARM32
		Release|ARM64 = Release|ARM64
		Release|x64 = Release|x64
		Release|x86 = Release|x86
	EndGlobalSection
	GlobalSection(ProjectConfigurationPlatforms) = postSolution
		{8D6DDA9F-C8F3-4EDB-8D4A-9CDC729C0F29}.Debug|Any CPU.ActiveCfg = Debug|Any CPU
		{8D6DDA9F-C8F3-4EDB-8D4A-9CDC729C0F29}.Debug|Any CPU.Build.0 = Debug|Any CPU
		{8D6DDA9F-C8F3-4EDB-8D4A-9CDC729C0F29}.Debug|ARM.ActiveCfg = Debug|ARM32
		{8D6DDA9F-C8F3-4EDB-8D4A-9CDC729C0F29}.Debug|ARM.Build.0 = Debug|ARM32
		{8D6DDA9F-C8F3-4EDB-8D4A-9CDC729C0F29}.Debug|ARM32.ActiveCfg = Debug|ARM32
		{8D6DDA9F-C8F3-4EDB-8D4A-9CDC729C0F29}.Debug|ARM32.Build.0 = Debug|ARM32
		{8D6DDA9F-C8F3-4EDB-8D4A-9CDC729C0F29}.Debug|ARM64.ActiveCfg = Debug|ARM64
		{8D6DDA9F-C8F3-4EDB-8D4A-9CDC729C0F29}.Debug|ARM64.Build.0 = Debug|ARM64
		{8D6DDA9F-C8F3-4EDB-8D4A-9CDC729C0F29}.Debug|x64.ActiveCfg = Debug|x64
		{8D6DDA9F-C8F3-4EDB-8D4A-9CDC729C0F29}.Debug|x64.Build.0 = Debug|x64
		{8D6DDA9F-C8F3-4EDB-8D4A-9CDC729C0F29}.Debug|x86.ActiveCfg = Debug|x86
		{8D6DDA9F-C8F3-4EDB-8D4A-9CDC729C0F29}.Debug|x86.Build.0 = Debug|x86
		{8D6DDA9F-C8F3-4EDB-8D4A-9CDC729C0F29}.Release|Any CPU.ActiveCfg = Release|Any CPU
		{8D6DDA9F-C8F3-4EDB-8D4A-9CDC729C0F29}.Release|Any CPU.Build.0 = Release|Any CPU
		{8D6DDA9F-C8F3-4EDB-8D4A-9CDC729C0F29}.Release|ARM.ActiveCfg = Release|ARM32
		{8D6DDA9F-C8F3-4EDB-8D4A-9CDC729C0F29}.Release|ARM.Build.0 = Release|ARM32
		{8D6DDA9F-C8F3-4EDB-8D4A-9CDC729C0F29}.Release|ARM32.ActiveCfg = Release|ARM32
		{8D6DDA9F-C8F3-4EDB-8D4A-9CDC729C0F29}.Release|ARM32.Build.0 = Release|ARM32
		{8D6DDA9F-C8F3-4EDB-8D4A-9CDC729C0F29}.Release|ARM64.ActiveCfg = Release|ARM64
		{8D6DDA9F-C8F3-4EDB-8D4A-9CDC729C0F29}.Release|ARM64.Build.0 = Release|ARM64
		{8D6DDA9F-C8F3-4EDB-8D4A-9CDC729C0F29}.Release|x64.ActiveCfg = Release|x64
		{8D6DDA9F-C8F3-4EDB-8D4A-9CDC729C0F29}.Release|x64.Build.0 = Release|x64
		{8D6DDA9F-C8F3-4EDB-8D4A-9CDC729C0F29}.Release|x86.ActiveCfg = Release|x86
		{8D6DDA9F-C8F3-4EDB-8D4A-9CDC729C0F29}.Release|x86.Build.0 = Release|x86
		{8F09E81C-9C7F-46A8-9E75-B65D6AE9F96C}.Debug|Any CPU.ActiveCfg = Debug|Any CPU
		{8F09E81C-9C7F-46A8-9E75-B65D6AE9F96C}.Debug|Any CPU.Build.0 = Debug|Any CPU
		{8F09E81C-9C7F-46A8-9E75-B65D6AE9F96C}.Debug|ARM.ActiveCfg = Debug|Any CPU
		{8F09E81C-9C7F-46A8-9E75-B65D6AE9F96C}.Debug|ARM.Build.0 = Debug|Any CPU
		{8F09E81C-9C7F-46A8-9E75-B65D6AE9F96C}.Debug|ARM32.ActiveCfg = Debug|Any CPU
		{8F09E81C-9C7F-46A8-9E75-B65D6AE9F96C}.Debug|ARM32.Build.0 = Debug|Any CPU
		{8F09E81C-9C7F-46A8-9E75-B65D6AE9F96C}.Debug|ARM64.ActiveCfg = Debug|Any CPU
		{8F09E81C-9C7F-46A8-9E75-B65D6AE9F96C}.Debug|ARM64.Build.0 = Debug|Any CPU
		{8F09E81C-9C7F-46A8-9E75-B65D6AE9F96C}.Debug|x64.ActiveCfg = Debug|Any CPU
		{8F09E81C-9C7F-46A8-9E75-B65D6AE9F96C}.Debug|x64.Build.0 = Debug|Any CPU
		{8F09E81C-9C7F-46A8-9E75-B65D6AE9F96C}.Debug|x86.ActiveCfg = Debug|Any CPU
		{8F09E81C-9C7F-46A8-9E75-B65D6AE9F96C}.Debug|x86.Build.0 = Debug|Any CPU
		{8F09E81C-9C7F-46A8-9E75-B65D6AE9F96C}.Release|Any CPU.ActiveCfg = Release|Any CPU
		{8F09E81C-9C7F-46A8-9E75-B65D6AE9F96C}.Release|Any CPU.Build.0 = Release|Any CPU
		{8F09E81C-9C7F-46A8-9E75-B65D6AE9F96C}.Release|ARM.ActiveCfg = Release|Any CPU
		{8F09E81C-9C7F-46A8-9E75-B65D6AE9F96C}.Release|ARM.Build.0 = Release|Any CPU
		{8F09E81C-9C7F-46A8-9E75-B65D6AE9F96C}.Release|ARM32.ActiveCfg = Release|Any CPU
		{8F09E81C-9C7F-46A8-9E75-B65D6AE9F96C}.Release|ARM32.Build.0 = Release|Any CPU
		{8F09E81C-9C7F-46A8-9E75-B65D6AE9F96C}.Release|ARM64.ActiveCfg = Release|Any CPU
		{8F09E81C-9C7F-46A8-9E75-B65D6AE9F96C}.Release|ARM64.Build.0 = Release|Any CPU
		{8F09E81C-9C7F-46A8-9E75-B65D6AE9F96C}.Release|x64.ActiveCfg = Release|Any CPU
		{8F09E81C-9C7F-46A8-9E75-B65D6AE9F96C}.Release|x64.Build.0 = Release|Any CPU
		{8F09E81C-9C7F-46A8-9E75-B65D6AE9F96C}.Release|x86.ActiveCfg = Release|Any CPU
		{8F09E81C-9C7F-46A8-9E75-B65D6AE9F96C}.Release|x86.Build.0 = Release|Any CPU
		{8198F07C-D6CB-470D-B524-8A7CE9A7EE23}.Debug|Any CPU.ActiveCfg = Debug|Any CPU
		{8198F07C-D6CB-470D-B524-8A7CE9A7EE23}.Debug|Any CPU.Build.0 = Debug|Any CPU
		{8198F07C-D6CB-470D-B524-8A7CE9A7EE23}.Debug|ARM.ActiveCfg = Debug|Any CPU
		{8198F07C-D6CB-470D-B524-8A7CE9A7EE23}.Debug|ARM.Build.0 = Debug|Any CPU
		{8198F07C-D6CB-470D-B524-8A7CE9A7EE23}.Debug|ARM32.ActiveCfg = Debug|Any CPU
		{8198F07C-D6CB-470D-B524-8A7CE9A7EE23}.Debug|ARM32.Build.0 = Debug|Any CPU
		{8198F07C-D6CB-470D-B524-8A7CE9A7EE23}.Debug|ARM64.ActiveCfg = Debug|Any CPU
		{8198F07C-D6CB-470D-B524-8A7CE9A7EE23}.Debug|ARM64.Build.0 = Debug|Any CPU
		{8198F07C-D6CB-470D-B524-8A7CE9A7EE23}.Debug|x64.ActiveCfg = Debug|Any CPU
		{8198F07C-D6CB-470D-B524-8A7CE9A7EE23}.Debug|x64.Build.0 = Debug|Any CPU
		{8198F07C-D6CB-470D-B524-8A7CE9A7EE23}.Debug|x86.ActiveCfg = Debug|Any CPU
		{8198F07C-D6CB-470D-B524-8A7CE9A7EE23}.Debug|x86.Build.0 = Debug|Any CPU
		{8198F07C-D6CB-470D-B524-8A7CE9A7EE23}.Release|Any CPU.ActiveCfg = Release|Any CPU
		{8198F07C-D6CB-470D-B524-8A7CE9A7EE23}.Release|Any CPU.Build.0 = Release|Any CPU
		{8198F07C-D6CB-470D-B524-8A7CE9A7EE23}.Release|ARM.ActiveCfg = Release|Any CPU
		{8198F07C-D6CB-470D-B524-8A7CE9A7EE23}.Release|ARM.Build.0 = Release|Any CPU
		{8198F07C-D6CB-470D-B524-8A7CE9A7EE23}.Release|ARM32.ActiveCfg = Release|Any CPU
		{8198F07C-D6CB-470D-B524-8A7CE9A7EE23}.Release|ARM32.Build.0 = Release|Any CPU
		{8198F07C-D6CB-470D-B524-8A7CE9A7EE23}.Release|ARM64.ActiveCfg = Release|Any CPU
		{8198F07C-D6CB-470D-B524-8A7CE9A7EE23}.Release|ARM64.Build.0 = Release|Any CPU
		{8198F07C-D6CB-470D-B524-8A7CE9A7EE23}.Release|x64.ActiveCfg = Release|Any CPU
		{8198F07C-D6CB-470D-B524-8A7CE9A7EE23}.Release|x64.Build.0 = Release|Any CPU
		{8198F07C-D6CB-470D-B524-8A7CE9A7EE23}.Release|x86.ActiveCfg = Release|Any CPU
		{8198F07C-D6CB-470D-B524-8A7CE9A7EE23}.Release|x86.Build.0 = Release|Any CPU
		{875A7860-4C94-4425-A6E1-2F85C43142C0}.Debug|Any CPU.ActiveCfg = Debug|Any CPU
		{875A7860-4C94-4425-A6E1-2F85C43142C0}.Debug|Any CPU.Build.0 = Debug|Any CPU
		{875A7860-4C94-4425-A6E1-2F85C43142C0}.Debug|ARM.ActiveCfg = Debug|Any CPU
		{875A7860-4C94-4425-A6E1-2F85C43142C0}.Debug|ARM.Build.0 = Debug|Any CPU
		{875A7860-4C94-4425-A6E1-2F85C43142C0}.Debug|ARM32.ActiveCfg = Debug|Any CPU
		{875A7860-4C94-4425-A6E1-2F85C43142C0}.Debug|ARM32.Build.0 = Debug|Any CPU
		{875A7860-4C94-4425-A6E1-2F85C43142C0}.Debug|ARM64.ActiveCfg = Debug|Any CPU
		{875A7860-4C94-4425-A6E1-2F85C43142C0}.Debug|ARM64.Build.0 = Debug|Any CPU
		{875A7860-4C94-4425-A6E1-2F85C43142C0}.Debug|x64.ActiveCfg = Debug|Any CPU
		{875A7860-4C94-4425-A6E1-2F85C43142C0}.Debug|x64.Build.0 = Debug|Any CPU
		{875A7860-4C94-4425-A6E1-2F85C43142C0}.Debug|x86.ActiveCfg = Debug|Any CPU
		{875A7860-4C94-4425-A6E1-2F85C43142C0}.Debug|x86.Build.0 = Debug|Any CPU
		{875A7860-4C94-4425-A6E1-2F85C43142C0}.Release|Any CPU.ActiveCfg = Release|Any CPU
		{875A7860-4C94-4425-A6E1-2F85C43142C0}.Release|Any CPU.Build.0 = Release|Any CPU
		{875A7860-4C94-4425-A6E1-2F85C43142C0}.Release|ARM.ActiveCfg = Release|Any CPU
		{875A7860-4C94-4425-A6E1-2F85C43142C0}.Release|ARM.Build.0 = Release|Any CPU
		{875A7860-4C94-4425-A6E1-2F85C43142C0}.Release|ARM32.ActiveCfg = Release|Any CPU
		{875A7860-4C94-4425-A6E1-2F85C43142C0}.Release|ARM32.Build.0 = Release|Any CPU
		{875A7860-4C94-4425-A6E1-2F85C43142C0}.Release|ARM64.ActiveCfg = Release|Any CPU
		{875A7860-4C94-4425-A6E1-2F85C43142C0}.Release|ARM64.Build.0 = Release|Any CPU
		{875A7860-4C94-4425-A6E1-2F85C43142C0}.Release|x64.ActiveCfg = Release|Any CPU
		{875A7860-4C94-4425-A6E1-2F85C43142C0}.Release|x64.Build.0 = Release|Any CPU
		{875A7860-4C94-4425-A6E1-2F85C43142C0}.Release|x86.ActiveCfg = Release|Any CPU
		{875A7860-4C94-4425-A6E1-2F85C43142C0}.Release|x86.Build.0 = Release|Any CPU
		{21D4B33C-F0E8-46F4-88D9-FAB94FD223C6}.Debug|Any CPU.ActiveCfg = Debug|Any CPU
		{21D4B33C-F0E8-46F4-88D9-FAB94FD223C6}.Debug|Any CPU.Build.0 = Debug|Any CPU
		{21D4B33C-F0E8-46F4-88D9-FAB94FD223C6}.Debug|ARM.ActiveCfg = Debug|Any CPU
		{21D4B33C-F0E8-46F4-88D9-FAB94FD223C6}.Debug|ARM.Build.0 = Debug|Any CPU
		{21D4B33C-F0E8-46F4-88D9-FAB94FD223C6}.Debug|ARM32.ActiveCfg = Debug|Any CPU
		{21D4B33C-F0E8-46F4-88D9-FAB94FD223C6}.Debug|ARM32.Build.0 = Debug|Any CPU
		{21D4B33C-F0E8-46F4-88D9-FAB94FD223C6}.Debug|ARM64.ActiveCfg = Debug|Any CPU
		{21D4B33C-F0E8-46F4-88D9-FAB94FD223C6}.Debug|ARM64.Build.0 = Debug|Any CPU
		{21D4B33C-F0E8-46F4-88D9-FAB94FD223C6}.Debug|x64.ActiveCfg = Debug|Any CPU
		{21D4B33C-F0E8-46F4-88D9-FAB94FD223C6}.Debug|x64.Build.0 = Debug|Any CPU
		{21D4B33C-F0E8-46F4-88D9-FAB94FD223C6}.Debug|x86.ActiveCfg = Debug|Any CPU
		{21D4B33C-F0E8-46F4-88D9-FAB94FD223C6}.Debug|x86.Build.0 = Debug|Any CPU
		{21D4B33C-F0E8-46F4-88D9-FAB94FD223C6}.Release|Any CPU.ActiveCfg = Release|Any CPU
		{21D4B33C-F0E8-46F4-88D9-FAB94FD223C6}.Release|Any CPU.Build.0 = Release|Any CPU
		{21D4B33C-F0E8-46F4-88D9-FAB94FD223C6}.Release|ARM.ActiveCfg = Release|Any CPU
		{21D4B33C-F0E8-46F4-88D9-FAB94FD223C6}.Release|ARM.Build.0 = Release|Any CPU
		{21D4B33C-F0E8-46F4-88D9-FAB94FD223C6}.Release|ARM32.ActiveCfg = Release|Any CPU
		{21D4B33C-F0E8-46F4-88D9-FAB94FD223C6}.Release|ARM32.Build.0 = Release|Any CPU
		{21D4B33C-F0E8-46F4-88D9-FAB94FD223C6}.Release|ARM64.ActiveCfg = Release|Any CPU
		{21D4B33C-F0E8-46F4-88D9-FAB94FD223C6}.Release|ARM64.Build.0 = Release|Any CPU
		{21D4B33C-F0E8-46F4-88D9-FAB94FD223C6}.Release|x64.ActiveCfg = Release|Any CPU
		{21D4B33C-F0E8-46F4-88D9-FAB94FD223C6}.Release|x64.Build.0 = Release|Any CPU
		{21D4B33C-F0E8-46F4-88D9-FAB94FD223C6}.Release|x86.ActiveCfg = Release|Any CPU
		{21D4B33C-F0E8-46F4-88D9-FAB94FD223C6}.Release|x86.Build.0 = Release|Any CPU
		{7E411443-B016-4003-A3BF-2727C56AB237}.Debug|Any CPU.ActiveCfg = Debug|Any CPU
		{7E411443-B016-4003-A3BF-2727C56AB237}.Debug|Any CPU.Build.0 = Debug|Any CPU
		{7E411443-B016-4003-A3BF-2727C56AB237}.Debug|ARM.ActiveCfg = Debug|Any CPU
		{7E411443-B016-4003-A3BF-2727C56AB237}.Debug|ARM.Build.0 = Debug|Any CPU
		{7E411443-B016-4003-A3BF-2727C56AB237}.Debug|ARM32.ActiveCfg = Debug|Any CPU
		{7E411443-B016-4003-A3BF-2727C56AB237}.Debug|ARM32.Build.0 = Debug|Any CPU
		{7E411443-B016-4003-A3BF-2727C56AB237}.Debug|ARM64.ActiveCfg = Debug|Any CPU
		{7E411443-B016-4003-A3BF-2727C56AB237}.Debug|ARM64.Build.0 = Debug|Any CPU
		{7E411443-B016-4003-A3BF-2727C56AB237}.Debug|x64.ActiveCfg = Debug|Any CPU
		{7E411443-B016-4003-A3BF-2727C56AB237}.Debug|x64.Build.0 = Debug|Any CPU
		{7E411443-B016-4003-A3BF-2727C56AB237}.Debug|x86.ActiveCfg = Debug|Any CPU
		{7E411443-B016-4003-A3BF-2727C56AB237}.Debug|x86.Build.0 = Debug|Any CPU
		{7E411443-B016-4003-A3BF-2727C56AB237}.Release|Any CPU.ActiveCfg = Release|Any CPU
		{7E411443-B016-4003-A3BF-2727C56AB237}.Release|Any CPU.Build.0 = Release|Any CPU
		{7E411443-B016-4003-A3BF-2727C56AB237}.Release|ARM.ActiveCfg = Release|Any CPU
		{7E411443-B016-4003-A3BF-2727C56AB237}.Release|ARM.Build.0 = Release|Any CPU
		{7E411443-B016-4003-A3BF-2727C56AB237}.Release|ARM32.ActiveCfg = Release|Any CPU
		{7E411443-B016-4003-A3BF-2727C56AB237}.Release|ARM32.Build.0 = Release|Any CPU
		{7E411443-B016-4003-A3BF-2727C56AB237}.Release|ARM64.ActiveCfg = Release|Any CPU
		{7E411443-B016-4003-A3BF-2727C56AB237}.Release|ARM64.Build.0 = Release|Any CPU
		{7E411443-B016-4003-A3BF-2727C56AB237}.Release|x64.ActiveCfg = Release|Any CPU
		{7E411443-B016-4003-A3BF-2727C56AB237}.Release|x64.Build.0 = Release|Any CPU
		{7E411443-B016-4003-A3BF-2727C56AB237}.Release|x86.ActiveCfg = Release|Any CPU
		{7E411443-B016-4003-A3BF-2727C56AB237}.Release|x86.Build.0 = Release|Any CPU
		{CC22A8B7-A0E8-4863-8794-2A788548A8A7}.Debug|Any CPU.ActiveCfg = Debug|Any CPU
		{CC22A8B7-A0E8-4863-8794-2A788548A8A7}.Debug|Any CPU.Build.0 = Debug|Any CPU
		{CC22A8B7-A0E8-4863-8794-2A788548A8A7}.Debug|ARM.ActiveCfg = Debug|Any CPU
		{CC22A8B7-A0E8-4863-8794-2A788548A8A7}.Debug|ARM.Build.0 = Debug|Any CPU
		{CC22A8B7-A0E8-4863-8794-2A788548A8A7}.Debug|ARM32.ActiveCfg = Debug|Any CPU
		{CC22A8B7-A0E8-4863-8794-2A788548A8A7}.Debug|ARM32.Build.0 = Debug|Any CPU
		{CC22A8B7-A0E8-4863-8794-2A788548A8A7}.Debug|ARM64.ActiveCfg = Debug|Any CPU
		{CC22A8B7-A0E8-4863-8794-2A788548A8A7}.Debug|ARM64.Build.0 = Debug|Any CPU
		{CC22A8B7-A0E8-4863-8794-2A788548A8A7}.Debug|x64.ActiveCfg = Debug|Any CPU
		{CC22A8B7-A0E8-4863-8794-2A788548A8A7}.Debug|x64.Build.0 = Debug|Any CPU
		{CC22A8B7-A0E8-4863-8794-2A788548A8A7}.Debug|x86.ActiveCfg = Debug|Any CPU
		{CC22A8B7-A0E8-4863-8794-2A788548A8A7}.Debug|x86.Build.0 = Debug|Any CPU
		{CC22A8B7-A0E8-4863-8794-2A788548A8A7}.Release|Any CPU.ActiveCfg = Release|Any CPU
		{CC22A8B7-A0E8-4863-8794-2A788548A8A7}.Release|Any CPU.Build.0 = Release|Any CPU
		{CC22A8B7-A0E8-4863-8794-2A788548A8A7}.Release|ARM.ActiveCfg = Release|Any CPU
		{CC22A8B7-A0E8-4863-8794-2A788548A8A7}.Release|ARM.Build.0 = Release|Any CPU
		{CC22A8B7-A0E8-4863-8794-2A788548A8A7}.Release|ARM32.ActiveCfg = Release|Any CPU
		{CC22A8B7-A0E8-4863-8794-2A788548A8A7}.Release|ARM32.Build.0 = Release|Any CPU
		{CC22A8B7-A0E8-4863-8794-2A788548A8A7}.Release|ARM64.ActiveCfg = Release|Any CPU
		{CC22A8B7-A0E8-4863-8794-2A788548A8A7}.Release|ARM64.Build.0 = Release|Any CPU
		{CC22A8B7-A0E8-4863-8794-2A788548A8A7}.Release|x64.ActiveCfg = Release|Any CPU
		{CC22A8B7-A0E8-4863-8794-2A788548A8A7}.Release|x64.Build.0 = Release|Any CPU
		{CC22A8B7-A0E8-4863-8794-2A788548A8A7}.Release|x86.ActiveCfg = Release|Any CPU
		{CC22A8B7-A0E8-4863-8794-2A788548A8A7}.Release|x86.Build.0 = Release|Any CPU
		{EEFCDCB4-856C-445C-948D-33ECCE35911C}.Debug|Any CPU.ActiveCfg = Debug|Any CPU
		{EEFCDCB4-856C-445C-948D-33ECCE35911C}.Debug|Any CPU.Build.0 = Debug|Any CPU
		{EEFCDCB4-856C-445C-948D-33ECCE35911C}.Debug|ARM.ActiveCfg = Debug|Any CPU
		{EEFCDCB4-856C-445C-948D-33ECCE35911C}.Debug|ARM.Build.0 = Debug|Any CPU
		{EEFCDCB4-856C-445C-948D-33ECCE35911C}.Debug|ARM32.ActiveCfg = Debug|Any CPU
		{EEFCDCB4-856C-445C-948D-33ECCE35911C}.Debug|ARM32.Build.0 = Debug|Any CPU
		{EEFCDCB4-856C-445C-948D-33ECCE35911C}.Debug|ARM64.ActiveCfg = Debug|Any CPU
		{EEFCDCB4-856C-445C-948D-33ECCE35911C}.Debug|ARM64.Build.0 = Debug|Any CPU
		{EEFCDCB4-856C-445C-948D-33ECCE35911C}.Debug|x64.ActiveCfg = Debug|Any CPU
		{EEFCDCB4-856C-445C-948D-33ECCE35911C}.Debug|x64.Build.0 = Debug|Any CPU
		{EEFCDCB4-856C-445C-948D-33ECCE35911C}.Debug|x86.ActiveCfg = Debug|Any CPU
		{EEFCDCB4-856C-445C-948D-33ECCE35911C}.Debug|x86.Build.0 = Debug|Any CPU
		{EEFCDCB4-856C-445C-948D-33ECCE35911C}.Release|Any CPU.ActiveCfg = Release|Any CPU
		{EEFCDCB4-856C-445C-948D-33ECCE35911C}.Release|Any CPU.Build.0 = Release|Any CPU
		{EEFCDCB4-856C-445C-948D-33ECCE35911C}.Release|ARM.ActiveCfg = Release|Any CPU
		{EEFCDCB4-856C-445C-948D-33ECCE35911C}.Release|ARM.Build.0 = Release|Any CPU
		{EEFCDCB4-856C-445C-948D-33ECCE35911C}.Release|ARM32.ActiveCfg = Release|Any CPU
		{EEFCDCB4-856C-445C-948D-33ECCE35911C}.Release|ARM32.Build.0 = Release|Any CPU
		{EEFCDCB4-856C-445C-948D-33ECCE35911C}.Release|ARM64.ActiveCfg = Release|Any CPU
		{EEFCDCB4-856C-445C-948D-33ECCE35911C}.Release|ARM64.Build.0 = Release|Any CPU
		{EEFCDCB4-856C-445C-948D-33ECCE35911C}.Release|x64.ActiveCfg = Release|Any CPU
		{EEFCDCB4-856C-445C-948D-33ECCE35911C}.Release|x64.Build.0 = Release|Any CPU
		{EEFCDCB4-856C-445C-948D-33ECCE35911C}.Release|x86.ActiveCfg = Release|Any CPU
		{EEFCDCB4-856C-445C-948D-33ECCE35911C}.Release|x86.Build.0 = Release|Any CPU
		{7EE7125B-AF9A-43B2-BB7B-EBBDDE1D6481}.Debug|Any CPU.ActiveCfg = Debug|Any CPU
		{7EE7125B-AF9A-43B2-BB7B-EBBDDE1D6481}.Debug|Any CPU.Build.0 = Debug|Any CPU
		{7EE7125B-AF9A-43B2-BB7B-EBBDDE1D6481}.Debug|ARM.ActiveCfg = Debug|Any CPU
		{7EE7125B-AF9A-43B2-BB7B-EBBDDE1D6481}.Debug|ARM.Build.0 = Debug|Any CPU
		{7EE7125B-AF9A-43B2-BB7B-EBBDDE1D6481}.Debug|ARM32.ActiveCfg = Debug|Any CPU
		{7EE7125B-AF9A-43B2-BB7B-EBBDDE1D6481}.Debug|ARM32.Build.0 = Debug|Any CPU
		{7EE7125B-AF9A-43B2-BB7B-EBBDDE1D6481}.Debug|ARM64.ActiveCfg = Debug|Any CPU
		{7EE7125B-AF9A-43B2-BB7B-EBBDDE1D6481}.Debug|ARM64.Build.0 = Debug|Any CPU
		{7EE7125B-AF9A-43B2-BB7B-EBBDDE1D6481}.Debug|x64.ActiveCfg = Debug|Any CPU
		{7EE7125B-AF9A-43B2-BB7B-EBBDDE1D6481}.Debug|x64.Build.0 = Debug|Any CPU
		{7EE7125B-AF9A-43B2-BB7B-EBBDDE1D6481}.Debug|x86.ActiveCfg = Debug|Any CPU
		{7EE7125B-AF9A-43B2-BB7B-EBBDDE1D6481}.Debug|x86.Build.0 = Debug|Any CPU
		{7EE7125B-AF9A-43B2-BB7B-EBBDDE1D6481}.Release|Any CPU.ActiveCfg = Release|Any CPU
		{7EE7125B-AF9A-43B2-BB7B-EBBDDE1D6481}.Release|Any CPU.Build.0 = Release|Any CPU
		{7EE7125B-AF9A-43B2-BB7B-EBBDDE1D6481}.Release|ARM.ActiveCfg = Release|Any CPU
		{7EE7125B-AF9A-43B2-BB7B-EBBDDE1D6481}.Release|ARM.Build.0 = Release|Any CPU
		{7EE7125B-AF9A-43B2-BB7B-EBBDDE1D6481}.Release|ARM32.ActiveCfg = Release|Any CPU
		{7EE7125B-AF9A-43B2-BB7B-EBBDDE1D6481}.Release|ARM32.Build.0 = Release|Any CPU
		{7EE7125B-AF9A-43B2-BB7B-EBBDDE1D6481}.Release|ARM64.ActiveCfg = Release|Any CPU
		{7EE7125B-AF9A-43B2-BB7B-EBBDDE1D6481}.Release|ARM64.Build.0 = Release|Any CPU
		{7EE7125B-AF9A-43B2-BB7B-EBBDDE1D6481}.Release|x64.ActiveCfg = Release|Any CPU
		{7EE7125B-AF9A-43B2-BB7B-EBBDDE1D6481}.Release|x64.Build.0 = Release|Any CPU
		{7EE7125B-AF9A-43B2-BB7B-EBBDDE1D6481}.Release|x86.ActiveCfg = Release|Any CPU
		{7EE7125B-AF9A-43B2-BB7B-EBBDDE1D6481}.Release|x86.Build.0 = Release|Any CPU
		{80143AA4-7CF5-4B34-933E-9A5439671547}.Debug|Any CPU.ActiveCfg = Debug|Any CPU
		{80143AA4-7CF5-4B34-933E-9A5439671547}.Debug|Any CPU.Build.0 = Debug|Any CPU
		{80143AA4-7CF5-4B34-933E-9A5439671547}.Debug|ARM.ActiveCfg = Debug|Any CPU
		{80143AA4-7CF5-4B34-933E-9A5439671547}.Debug|ARM.Build.0 = Debug|Any CPU
		{80143AA4-7CF5-4B34-933E-9A5439671547}.Debug|ARM32.ActiveCfg = Debug|Any CPU
		{80143AA4-7CF5-4B34-933E-9A5439671547}.Debug|ARM32.Build.0 = Debug|Any CPU
		{80143AA4-7CF5-4B34-933E-9A5439671547}.Debug|ARM64.ActiveCfg = Debug|Any CPU
		{80143AA4-7CF5-4B34-933E-9A5439671547}.Debug|ARM64.Build.0 = Debug|Any CPU
		{80143AA4-7CF5-4B34-933E-9A5439671547}.Debug|x64.ActiveCfg = Debug|Any CPU
		{80143AA4-7CF5-4B34-933E-9A5439671547}.Debug|x64.Build.0 = Debug|Any CPU
		{80143AA4-7CF5-4B34-933E-9A5439671547}.Debug|x86.ActiveCfg = Debug|Any CPU
		{80143AA4-7CF5-4B34-933E-9A5439671547}.Debug|x86.Build.0 = Debug|Any CPU
		{80143AA4-7CF5-4B34-933E-9A5439671547}.Release|Any CPU.ActiveCfg = Release|Any CPU
		{80143AA4-7CF5-4B34-933E-9A5439671547}.Release|Any CPU.Build.0 = Release|Any CPU
		{80143AA4-7CF5-4B34-933E-9A5439671547}.Release|ARM.ActiveCfg = Release|Any CPU
		{80143AA4-7CF5-4B34-933E-9A5439671547}.Release|ARM.Build.0 = Release|Any CPU
		{80143AA4-7CF5-4B34-933E-9A5439671547}.Release|ARM32.ActiveCfg = Release|Any CPU
		{80143AA4-7CF5-4B34-933E-9A5439671547}.Release|ARM32.Build.0 = Release|Any CPU
		{80143AA4-7CF5-4B34-933E-9A5439671547}.Release|ARM64.ActiveCfg = Release|Any CPU
		{80143AA4-7CF5-4B34-933E-9A5439671547}.Release|ARM64.Build.0 = Release|Any CPU
		{80143AA4-7CF5-4B34-933E-9A5439671547}.Release|x64.ActiveCfg = Release|Any CPU
		{80143AA4-7CF5-4B34-933E-9A5439671547}.Release|x64.Build.0 = Release|Any CPU
		{80143AA4-7CF5-4B34-933E-9A5439671547}.Release|x86.ActiveCfg = Release|Any CPU
		{80143AA4-7CF5-4B34-933E-9A5439671547}.Release|x86.Build.0 = Release|Any CPU
		{19E39809-FDB1-4AF1-B7AF-6B91AC44050B}.Debug|Any CPU.ActiveCfg = Debug|Any CPU
		{19E39809-FDB1-4AF1-B7AF-6B91AC44050B}.Debug|Any CPU.Build.0 = Debug|Any CPU
		{19E39809-FDB1-4AF1-B7AF-6B91AC44050B}.Debug|ARM.ActiveCfg = Debug|Any CPU
		{19E39809-FDB1-4AF1-B7AF-6B91AC44050B}.Debug|ARM.Build.0 = Debug|Any CPU
		{19E39809-FDB1-4AF1-B7AF-6B91AC44050B}.Debug|ARM32.ActiveCfg = Debug|Any CPU
		{19E39809-FDB1-4AF1-B7AF-6B91AC44050B}.Debug|ARM32.Build.0 = Debug|Any CPU
		{19E39809-FDB1-4AF1-B7AF-6B91AC44050B}.Debug|ARM64.ActiveCfg = Debug|Any CPU
		{19E39809-FDB1-4AF1-B7AF-6B91AC44050B}.Debug|ARM64.Build.0 = Debug|Any CPU
		{19E39809-FDB1-4AF1-B7AF-6B91AC44050B}.Debug|x64.ActiveCfg = Debug|Any CPU
		{19E39809-FDB1-4AF1-B7AF-6B91AC44050B}.Debug|x64.Build.0 = Debug|Any CPU
		{19E39809-FDB1-4AF1-B7AF-6B91AC44050B}.Debug|x86.ActiveCfg = Debug|Any CPU
		{19E39809-FDB1-4AF1-B7AF-6B91AC44050B}.Debug|x86.Build.0 = Debug|Any CPU
		{19E39809-FDB1-4AF1-B7AF-6B91AC44050B}.Release|Any CPU.ActiveCfg = Release|Any CPU
		{19E39809-FDB1-4AF1-B7AF-6B91AC44050B}.Release|Any CPU.Build.0 = Release|Any CPU
		{19E39809-FDB1-4AF1-B7AF-6B91AC44050B}.Release|ARM.ActiveCfg = Release|Any CPU
		{19E39809-FDB1-4AF1-B7AF-6B91AC44050B}.Release|ARM.Build.0 = Release|Any CPU
		{19E39809-FDB1-4AF1-B7AF-6B91AC44050B}.Release|ARM32.ActiveCfg = Release|Any CPU
		{19E39809-FDB1-4AF1-B7AF-6B91AC44050B}.Release|ARM32.Build.0 = Release|Any CPU
		{19E39809-FDB1-4AF1-B7AF-6B91AC44050B}.Release|ARM64.ActiveCfg = Release|Any CPU
		{19E39809-FDB1-4AF1-B7AF-6B91AC44050B}.Release|ARM64.Build.0 = Release|Any CPU
		{19E39809-FDB1-4AF1-B7AF-6B91AC44050B}.Release|x64.ActiveCfg = Release|Any CPU
		{19E39809-FDB1-4AF1-B7AF-6B91AC44050B}.Release|x64.Build.0 = Release|Any CPU
		{19E39809-FDB1-4AF1-B7AF-6B91AC44050B}.Release|x86.ActiveCfg = Release|Any CPU
		{19E39809-FDB1-4AF1-B7AF-6B91AC44050B}.Release|x86.Build.0 = Release|Any CPU
		{51CD62AA-92DD-4DF0-A061-8F8CDDA87749}.Debug|Any CPU.ActiveCfg = Debug|Any CPU
		{51CD62AA-92DD-4DF0-A061-8F8CDDA87749}.Debug|Any CPU.Build.0 = Debug|Any CPU
		{51CD62AA-92DD-4DF0-A061-8F8CDDA87749}.Debug|ARM.ActiveCfg = Debug|Any CPU
		{51CD62AA-92DD-4DF0-A061-8F8CDDA87749}.Debug|ARM.Build.0 = Debug|Any CPU
		{51CD62AA-92DD-4DF0-A061-8F8CDDA87749}.Debug|ARM32.ActiveCfg = Debug|Any CPU
		{51CD62AA-92DD-4DF0-A061-8F8CDDA87749}.Debug|ARM32.Build.0 = Debug|Any CPU
		{51CD62AA-92DD-4DF0-A061-8F8CDDA87749}.Debug|ARM64.ActiveCfg = Debug|Any CPU
		{51CD62AA-92DD-4DF0-A061-8F8CDDA87749}.Debug|ARM64.Build.0 = Debug|Any CPU
		{51CD62AA-92DD-4DF0-A061-8F8CDDA87749}.Debug|x64.ActiveCfg = Debug|Any CPU
		{51CD62AA-92DD-4DF0-A061-8F8CDDA87749}.Debug|x64.Build.0 = Debug|Any CPU
		{51CD62AA-92DD-4DF0-A061-8F8CDDA87749}.Debug|x86.ActiveCfg = Debug|Any CPU
		{51CD62AA-92DD-4DF0-A061-8F8CDDA87749}.Debug|x86.Build.0 = Debug|Any CPU
		{51CD62AA-92DD-4DF0-A061-8F8CDDA87749}.Release|Any CPU.ActiveCfg = Release|Any CPU
		{51CD62AA-92DD-4DF0-A061-8F8CDDA87749}.Release|Any CPU.Build.0 = Release|Any CPU
		{51CD62AA-92DD-4DF0-A061-8F8CDDA87749}.Release|ARM.ActiveCfg = Release|Any CPU
		{51CD62AA-92DD-4DF0-A061-8F8CDDA87749}.Release|ARM.Build.0 = Release|Any CPU
		{51CD62AA-92DD-4DF0-A061-8F8CDDA87749}.Release|ARM32.ActiveCfg = Release|Any CPU
		{51CD62AA-92DD-4DF0-A061-8F8CDDA87749}.Release|ARM32.Build.0 = Release|Any CPU
		{51CD62AA-92DD-4DF0-A061-8F8CDDA87749}.Release|ARM64.ActiveCfg = Release|Any CPU
		{51CD62AA-92DD-4DF0-A061-8F8CDDA87749}.Release|ARM64.Build.0 = Release|Any CPU
		{51CD62AA-92DD-4DF0-A061-8F8CDDA87749}.Release|x64.ActiveCfg = Release|Any CPU
		{51CD62AA-92DD-4DF0-A061-8F8CDDA87749}.Release|x64.Build.0 = Release|Any CPU
		{51CD62AA-92DD-4DF0-A061-8F8CDDA87749}.Release|x86.ActiveCfg = Release|Any CPU
		{51CD62AA-92DD-4DF0-A061-8F8CDDA87749}.Release|x86.Build.0 = Release|Any CPU
		{F43A59D0-F0BB-4E9F-BA91-74892DF27542}.Debug|Any CPU.ActiveCfg = Debug|Any CPU
		{F43A59D0-F0BB-4E9F-BA91-74892DF27542}.Debug|Any CPU.Build.0 = Debug|Any CPU
		{F43A59D0-F0BB-4E9F-BA91-74892DF27542}.Debug|ARM.ActiveCfg = Debug|Any CPU
		{F43A59D0-F0BB-4E9F-BA91-74892DF27542}.Debug|ARM.Build.0 = Debug|Any CPU
		{F43A59D0-F0BB-4E9F-BA91-74892DF27542}.Debug|ARM32.ActiveCfg = Debug|Any CPU
		{F43A59D0-F0BB-4E9F-BA91-74892DF27542}.Debug|ARM32.Build.0 = Debug|Any CPU
		{F43A59D0-F0BB-4E9F-BA91-74892DF27542}.Debug|ARM64.ActiveCfg = Debug|Any CPU
		{F43A59D0-F0BB-4E9F-BA91-74892DF27542}.Debug|ARM64.Build.0 = Debug|Any CPU
		{F43A59D0-F0BB-4E9F-BA91-74892DF27542}.Debug|x64.ActiveCfg = Debug|Any CPU
		{F43A59D0-F0BB-4E9F-BA91-74892DF27542}.Debug|x64.Build.0 = Debug|Any CPU
		{F43A59D0-F0BB-4E9F-BA91-74892DF27542}.Debug|x86.ActiveCfg = Debug|Any CPU
		{F43A59D0-F0BB-4E9F-BA91-74892DF27542}.Debug|x86.Build.0 = Debug|Any CPU
		{F43A59D0-F0BB-4E9F-BA91-74892DF27542}.Release|Any CPU.ActiveCfg = Release|Any CPU
		{F43A59D0-F0BB-4E9F-BA91-74892DF27542}.Release|Any CPU.Build.0 = Release|Any CPU
		{F43A59D0-F0BB-4E9F-BA91-74892DF27542}.Release|ARM.ActiveCfg = Release|Any CPU
		{F43A59D0-F0BB-4E9F-BA91-74892DF27542}.Release|ARM.Build.0 = Release|Any CPU
		{F43A59D0-F0BB-4E9F-BA91-74892DF27542}.Release|ARM32.ActiveCfg = Release|Any CPU
		{F43A59D0-F0BB-4E9F-BA91-74892DF27542}.Release|ARM32.Build.0 = Release|Any CPU
		{F43A59D0-F0BB-4E9F-BA91-74892DF27542}.Release|ARM64.ActiveCfg = Release|Any CPU
		{F43A59D0-F0BB-4E9F-BA91-74892DF27542}.Release|ARM64.Build.0 = Release|Any CPU
		{F43A59D0-F0BB-4E9F-BA91-74892DF27542}.Release|x64.ActiveCfg = Release|Any CPU
		{F43A59D0-F0BB-4E9F-BA91-74892DF27542}.Release|x64.Build.0 = Release|Any CPU
		{F43A59D0-F0BB-4E9F-BA91-74892DF27542}.Release|x86.ActiveCfg = Release|Any CPU
		{F43A59D0-F0BB-4E9F-BA91-74892DF27542}.Release|x86.Build.0 = Release|Any CPU
		{DCF9B471-43C6-471D-945F-83002BC245FC}.Debug|Any CPU.ActiveCfg = Debug|Any CPU
		{DCF9B471-43C6-471D-945F-83002BC245FC}.Debug|Any CPU.Build.0 = Debug|Any CPU
		{DCF9B471-43C6-471D-945F-83002BC245FC}.Debug|ARM.ActiveCfg = Debug|Any CPU
		{DCF9B471-43C6-471D-945F-83002BC245FC}.Debug|ARM.Build.0 = Debug|Any CPU
		{DCF9B471-43C6-471D-945F-83002BC245FC}.Debug|ARM32.ActiveCfg = Debug|Any CPU
		{DCF9B471-43C6-471D-945F-83002BC245FC}.Debug|ARM32.Build.0 = Debug|Any CPU
		{DCF9B471-43C6-471D-945F-83002BC245FC}.Debug|ARM64.ActiveCfg = Debug|Any CPU
		{DCF9B471-43C6-471D-945F-83002BC245FC}.Debug|ARM64.Build.0 = Debug|Any CPU
		{DCF9B471-43C6-471D-945F-83002BC245FC}.Debug|x64.ActiveCfg = Debug|Any CPU
		{DCF9B471-43C6-471D-945F-83002BC245FC}.Debug|x64.Build.0 = Debug|Any CPU
		{DCF9B471-43C6-471D-945F-83002BC245FC}.Debug|x86.ActiveCfg = Debug|Any CPU
		{DCF9B471-43C6-471D-945F-83002BC245FC}.Debug|x86.Build.0 = Debug|Any CPU
		{DCF9B471-43C6-471D-945F-83002BC245FC}.Release|Any CPU.ActiveCfg = Release|Any CPU
		{DCF9B471-43C6-471D-945F-83002BC245FC}.Release|Any CPU.Build.0 = Release|Any CPU
		{DCF9B471-43C6-471D-945F-83002BC245FC}.Release|ARM.ActiveCfg = Release|Any CPU
		{DCF9B471-43C6-471D-945F-83002BC245FC}.Release|ARM.Build.0 = Release|Any CPU
		{DCF9B471-43C6-471D-945F-83002BC245FC}.Release|ARM32.ActiveCfg = Release|Any CPU
		{DCF9B471-43C6-471D-945F-83002BC245FC}.Release|ARM32.Build.0 = Release|Any CPU
		{DCF9B471-43C6-471D-945F-83002BC245FC}.Release|ARM64.ActiveCfg = Release|Any CPU
		{DCF9B471-43C6-471D-945F-83002BC245FC}.Release|ARM64.Build.0 = Release|Any CPU
		{DCF9B471-43C6-471D-945F-83002BC245FC}.Release|x64.ActiveCfg = Release|Any CPU
		{DCF9B471-43C6-471D-945F-83002BC245FC}.Release|x64.Build.0 = Release|Any CPU
		{DCF9B471-43C6-471D-945F-83002BC245FC}.Release|x86.ActiveCfg = Release|Any CPU
		{DCF9B471-43C6-471D-945F-83002BC245FC}.Release|x86.Build.0 = Release|Any CPU
		{8A05009B-E4CF-4C6B-B8B8-618107FC65FD}.Debug|Any CPU.ActiveCfg = Debug|Any CPU
		{8A05009B-E4CF-4C6B-B8B8-618107FC65FD}.Debug|Any CPU.Build.0 = Debug|Any CPU
		{8A05009B-E4CF-4C6B-B8B8-618107FC65FD}.Debug|ARM.ActiveCfg = Debug|Any CPU
		{8A05009B-E4CF-4C6B-B8B8-618107FC65FD}.Debug|ARM.Build.0 = Debug|Any CPU
		{8A05009B-E4CF-4C6B-B8B8-618107FC65FD}.Debug|ARM32.ActiveCfg = Debug|Any CPU
		{8A05009B-E4CF-4C6B-B8B8-618107FC65FD}.Debug|ARM32.Build.0 = Debug|Any CPU
		{8A05009B-E4CF-4C6B-B8B8-618107FC65FD}.Debug|ARM64.ActiveCfg = Debug|Any CPU
		{8A05009B-E4CF-4C6B-B8B8-618107FC65FD}.Debug|ARM64.Build.0 = Debug|Any CPU
		{8A05009B-E4CF-4C6B-B8B8-618107FC65FD}.Debug|x64.ActiveCfg = Debug|Any CPU
		{8A05009B-E4CF-4C6B-B8B8-618107FC65FD}.Debug|x64.Build.0 = Debug|Any CPU
		{8A05009B-E4CF-4C6B-B8B8-618107FC65FD}.Debug|x86.ActiveCfg = Debug|Any CPU
		{8A05009B-E4CF-4C6B-B8B8-618107FC65FD}.Debug|x86.Build.0 = Debug|Any CPU
		{8A05009B-E4CF-4C6B-B8B8-618107FC65FD}.Release|Any CPU.ActiveCfg = Release|Any CPU
		{8A05009B-E4CF-4C6B-B8B8-618107FC65FD}.Release|Any CPU.Build.0 = Release|Any CPU
		{8A05009B-E4CF-4C6B-B8B8-618107FC65FD}.Release|ARM.ActiveCfg = Release|Any CPU
		{8A05009B-E4CF-4C6B-B8B8-618107FC65FD}.Release|ARM.Build.0 = Release|Any CPU
		{8A05009B-E4CF-4C6B-B8B8-618107FC65FD}.Release|ARM32.ActiveCfg = Release|Any CPU
		{8A05009B-E4CF-4C6B-B8B8-618107FC65FD}.Release|ARM32.Build.0 = Release|Any CPU
		{8A05009B-E4CF-4C6B-B8B8-618107FC65FD}.Release|ARM64.ActiveCfg = Release|Any CPU
		{8A05009B-E4CF-4C6B-B8B8-618107FC65FD}.Release|ARM64.Build.0 = Release|Any CPU
		{8A05009B-E4CF-4C6B-B8B8-618107FC65FD}.Release|x64.ActiveCfg = Release|Any CPU
		{8A05009B-E4CF-4C6B-B8B8-618107FC65FD}.Release|x64.Build.0 = Release|Any CPU
		{8A05009B-E4CF-4C6B-B8B8-618107FC65FD}.Release|x86.ActiveCfg = Release|Any CPU
		{8A05009B-E4CF-4C6B-B8B8-618107FC65FD}.Release|x86.Build.0 = Release|Any CPU
		{F282AEA6-B20C-4F84-B11E-1AF45877F23E}.Debug|Any CPU.ActiveCfg = Debug|Any CPU
		{F282AEA6-B20C-4F84-B11E-1AF45877F23E}.Debug|Any CPU.Build.0 = Debug|Any CPU
		{F282AEA6-B20C-4F84-B11E-1AF45877F23E}.Debug|ARM.ActiveCfg = Debug|Any CPU
		{F282AEA6-B20C-4F84-B11E-1AF45877F23E}.Debug|ARM.Build.0 = Debug|Any CPU
		{F282AEA6-B20C-4F84-B11E-1AF45877F23E}.Debug|ARM32.ActiveCfg = Debug|Any CPU
		{F282AEA6-B20C-4F84-B11E-1AF45877F23E}.Debug|ARM32.Build.0 = Debug|Any CPU
		{F282AEA6-B20C-4F84-B11E-1AF45877F23E}.Debug|ARM64.ActiveCfg = Debug|Any CPU
		{F282AEA6-B20C-4F84-B11E-1AF45877F23E}.Debug|ARM64.Build.0 = Debug|Any CPU
		{F282AEA6-B20C-4F84-B11E-1AF45877F23E}.Debug|x64.ActiveCfg = Debug|Any CPU
		{F282AEA6-B20C-4F84-B11E-1AF45877F23E}.Debug|x64.Build.0 = Debug|Any CPU
		{F282AEA6-B20C-4F84-B11E-1AF45877F23E}.Debug|x86.ActiveCfg = Debug|Any CPU
		{F282AEA6-B20C-4F84-B11E-1AF45877F23E}.Debug|x86.Build.0 = Debug|Any CPU
		{F282AEA6-B20C-4F84-B11E-1AF45877F23E}.Release|Any CPU.ActiveCfg = Release|Any CPU
		{F282AEA6-B20C-4F84-B11E-1AF45877F23E}.Release|Any CPU.Build.0 = Release|Any CPU
		{F282AEA6-B20C-4F84-B11E-1AF45877F23E}.Release|ARM.ActiveCfg = Release|Any CPU
		{F282AEA6-B20C-4F84-B11E-1AF45877F23E}.Release|ARM.Build.0 = Release|Any CPU
		{F282AEA6-B20C-4F84-B11E-1AF45877F23E}.Release|ARM32.ActiveCfg = Release|Any CPU
		{F282AEA6-B20C-4F84-B11E-1AF45877F23E}.Release|ARM32.Build.0 = Release|Any CPU
		{F282AEA6-B20C-4F84-B11E-1AF45877F23E}.Release|ARM64.ActiveCfg = Release|Any CPU
		{F282AEA6-B20C-4F84-B11E-1AF45877F23E}.Release|ARM64.Build.0 = Release|Any CPU
		{F282AEA6-B20C-4F84-B11E-1AF45877F23E}.Release|x64.ActiveCfg = Release|Any CPU
		{F282AEA6-B20C-4F84-B11E-1AF45877F23E}.Release|x64.Build.0 = Release|Any CPU
		{F282AEA6-B20C-4F84-B11E-1AF45877F23E}.Release|x86.ActiveCfg = Release|Any CPU
		{F282AEA6-B20C-4F84-B11E-1AF45877F23E}.Release|x86.Build.0 = Release|Any CPU
		{A0A7703A-641B-4FFD-A0E6-359028A36449}.Debug|Any CPU.ActiveCfg = Debug|Any CPU
		{A0A7703A-641B-4FFD-A0E6-359028A36449}.Debug|Any CPU.Build.0 = Debug|Any CPU
		{A0A7703A-641B-4FFD-A0E6-359028A36449}.Debug|ARM.ActiveCfg = Debug|Any CPU
		{A0A7703A-641B-4FFD-A0E6-359028A36449}.Debug|ARM.Build.0 = Debug|Any CPU
		{A0A7703A-641B-4FFD-A0E6-359028A36449}.Debug|ARM32.ActiveCfg = Debug|Any CPU
		{A0A7703A-641B-4FFD-A0E6-359028A36449}.Debug|ARM32.Build.0 = Debug|Any CPU
		{A0A7703A-641B-4FFD-A0E6-359028A36449}.Debug|ARM64.ActiveCfg = Debug|Any CPU
		{A0A7703A-641B-4FFD-A0E6-359028A36449}.Debug|ARM64.Build.0 = Debug|Any CPU
		{A0A7703A-641B-4FFD-A0E6-359028A36449}.Debug|x64.ActiveCfg = Debug|Any CPU
		{A0A7703A-641B-4FFD-A0E6-359028A36449}.Debug|x64.Build.0 = Debug|Any CPU
		{A0A7703A-641B-4FFD-A0E6-359028A36449}.Debug|x86.ActiveCfg = Debug|Any CPU
		{A0A7703A-641B-4FFD-A0E6-359028A36449}.Debug|x86.Build.0 = Debug|Any CPU
		{A0A7703A-641B-4FFD-A0E6-359028A36449}.Release|Any CPU.ActiveCfg = Release|Any CPU
		{A0A7703A-641B-4FFD-A0E6-359028A36449}.Release|Any CPU.Build.0 = Release|Any CPU
		{A0A7703A-641B-4FFD-A0E6-359028A36449}.Release|ARM.ActiveCfg = Release|Any CPU
		{A0A7703A-641B-4FFD-A0E6-359028A36449}.Release|ARM.Build.0 = Release|Any CPU
		{A0A7703A-641B-4FFD-A0E6-359028A36449}.Release|ARM32.ActiveCfg = Release|Any CPU
		{A0A7703A-641B-4FFD-A0E6-359028A36449}.Release|ARM32.Build.0 = Release|Any CPU
		{A0A7703A-641B-4FFD-A0E6-359028A36449}.Release|ARM64.ActiveCfg = Release|Any CPU
		{A0A7703A-641B-4FFD-A0E6-359028A36449}.Release|ARM64.Build.0 = Release|Any CPU
		{A0A7703A-641B-4FFD-A0E6-359028A36449}.Release|x64.ActiveCfg = Release|Any CPU
		{A0A7703A-641B-4FFD-A0E6-359028A36449}.Release|x64.Build.0 = Release|Any CPU
		{A0A7703A-641B-4FFD-A0E6-359028A36449}.Release|x86.ActiveCfg = Release|Any CPU
		{A0A7703A-641B-4FFD-A0E6-359028A36449}.Release|x86.Build.0 = Release|Any CPU
		{4BAA9267-444D-4DD4-8520-EC17B0A46C1E}.Debug|Any CPU.ActiveCfg = Debug|Any CPU
		{4BAA9267-444D-4DD4-8520-EC17B0A46C1E}.Debug|Any CPU.Build.0 = Debug|Any CPU
		{4BAA9267-444D-4DD4-8520-EC17B0A46C1E}.Debug|ARM.ActiveCfg = Debug|Any CPU
		{4BAA9267-444D-4DD4-8520-EC17B0A46C1E}.Debug|ARM.Build.0 = Debug|Any CPU
		{4BAA9267-444D-4DD4-8520-EC17B0A46C1E}.Debug|ARM32.ActiveCfg = Debug|Any CPU
		{4BAA9267-444D-4DD4-8520-EC17B0A46C1E}.Debug|ARM32.Build.0 = Debug|Any CPU
		{4BAA9267-444D-4DD4-8520-EC17B0A46C1E}.Debug|ARM64.ActiveCfg = Debug|Any CPU
		{4BAA9267-444D-4DD4-8520-EC17B0A46C1E}.Debug|ARM64.Build.0 = Debug|Any CPU
		{4BAA9267-444D-4DD4-8520-EC17B0A46C1E}.Debug|x64.ActiveCfg = Debug|Any CPU
		{4BAA9267-444D-4DD4-8520-EC17B0A46C1E}.Debug|x64.Build.0 = Debug|Any CPU
		{4BAA9267-444D-4DD4-8520-EC17B0A46C1E}.Debug|x86.ActiveCfg = Debug|Any CPU
		{4BAA9267-444D-4DD4-8520-EC17B0A46C1E}.Debug|x86.Build.0 = Debug|Any CPU
		{4BAA9267-444D-4DD4-8520-EC17B0A46C1E}.Release|Any CPU.ActiveCfg = Release|Any CPU
		{4BAA9267-444D-4DD4-8520-EC17B0A46C1E}.Release|Any CPU.Build.0 = Release|Any CPU
		{4BAA9267-444D-4DD4-8520-EC17B0A46C1E}.Release|ARM.ActiveCfg = Release|Any CPU
		{4BAA9267-444D-4DD4-8520-EC17B0A46C1E}.Release|ARM.Build.0 = Release|Any CPU
		{4BAA9267-444D-4DD4-8520-EC17B0A46C1E}.Release|ARM32.ActiveCfg = Release|Any CPU
		{4BAA9267-444D-4DD4-8520-EC17B0A46C1E}.Release|ARM32.Build.0 = Release|Any CPU
		{4BAA9267-444D-4DD4-8520-EC17B0A46C1E}.Release|ARM64.ActiveCfg = Release|Any CPU
		{4BAA9267-444D-4DD4-8520-EC17B0A46C1E}.Release|ARM64.Build.0 = Release|Any CPU
		{4BAA9267-444D-4DD4-8520-EC17B0A46C1E}.Release|x64.ActiveCfg = Release|Any CPU
		{4BAA9267-444D-4DD4-8520-EC17B0A46C1E}.Release|x64.Build.0 = Release|Any CPU
		{4BAA9267-444D-4DD4-8520-EC17B0A46C1E}.Release|x86.ActiveCfg = Release|Any CPU
		{4BAA9267-444D-4DD4-8520-EC17B0A46C1E}.Release|x86.Build.0 = Release|Any CPU
		{871C933B-0FC5-4B4B-A05C-F093A0BA49B4}.Debug|Any CPU.ActiveCfg = Debug|Any CPU
		{871C933B-0FC5-4B4B-A05C-F093A0BA49B4}.Debug|Any CPU.Build.0 = Debug|Any CPU
		{871C933B-0FC5-4B4B-A05C-F093A0BA49B4}.Debug|ARM.ActiveCfg = Debug|Any CPU
		{871C933B-0FC5-4B4B-A05C-F093A0BA49B4}.Debug|ARM.Build.0 = Debug|Any CPU
		{871C933B-0FC5-4B4B-A05C-F093A0BA49B4}.Debug|ARM32.ActiveCfg = Debug|Any CPU
		{871C933B-0FC5-4B4B-A05C-F093A0BA49B4}.Debug|ARM32.Build.0 = Debug|Any CPU
		{871C933B-0FC5-4B4B-A05C-F093A0BA49B4}.Debug|ARM64.ActiveCfg = Debug|Any CPU
		{871C933B-0FC5-4B4B-A05C-F093A0BA49B4}.Debug|ARM64.Build.0 = Debug|Any CPU
		{871C933B-0FC5-4B4B-A05C-F093A0BA49B4}.Debug|x64.ActiveCfg = Debug|Any CPU
		{871C933B-0FC5-4B4B-A05C-F093A0BA49B4}.Debug|x64.Build.0 = Debug|Any CPU
		{871C933B-0FC5-4B4B-A05C-F093A0BA49B4}.Debug|x86.ActiveCfg = Debug|Any CPU
		{871C933B-0FC5-4B4B-A05C-F093A0BA49B4}.Debug|x86.Build.0 = Debug|Any CPU
		{871C933B-0FC5-4B4B-A05C-F093A0BA49B4}.Release|Any CPU.ActiveCfg = Release|Any CPU
		{871C933B-0FC5-4B4B-A05C-F093A0BA49B4}.Release|Any CPU.Build.0 = Release|Any CPU
		{871C933B-0FC5-4B4B-A05C-F093A0BA49B4}.Release|ARM.ActiveCfg = Release|Any CPU
		{871C933B-0FC5-4B4B-A05C-F093A0BA49B4}.Release|ARM.Build.0 = Release|Any CPU
		{871C933B-0FC5-4B4B-A05C-F093A0BA49B4}.Release|ARM32.ActiveCfg = Release|Any CPU
		{871C933B-0FC5-4B4B-A05C-F093A0BA49B4}.Release|ARM32.Build.0 = Release|Any CPU
		{871C933B-0FC5-4B4B-A05C-F093A0BA49B4}.Release|ARM64.ActiveCfg = Release|Any CPU
		{871C933B-0FC5-4B4B-A05C-F093A0BA49B4}.Release|ARM64.Build.0 = Release|Any CPU
		{871C933B-0FC5-4B4B-A05C-F093A0BA49B4}.Release|x64.ActiveCfg = Release|Any CPU
		{871C933B-0FC5-4B4B-A05C-F093A0BA49B4}.Release|x64.Build.0 = Release|Any CPU
		{871C933B-0FC5-4B4B-A05C-F093A0BA49B4}.Release|x86.ActiveCfg = Release|Any CPU
		{871C933B-0FC5-4B4B-A05C-F093A0BA49B4}.Release|x86.Build.0 = Release|Any CPU
		{6445F25F-458B-43ED-9CB3-63BBAE00C545}.Debug|Any CPU.ActiveCfg = Debug|Any CPU
		{6445F25F-458B-43ED-9CB3-63BBAE00C545}.Debug|Any CPU.Build.0 = Debug|Any CPU
		{6445F25F-458B-43ED-9CB3-63BBAE00C545}.Debug|ARM.ActiveCfg = Debug|Any CPU
		{6445F25F-458B-43ED-9CB3-63BBAE00C545}.Debug|ARM.Build.0 = Debug|Any CPU
		{6445F25F-458B-43ED-9CB3-63BBAE00C545}.Debug|ARM32.ActiveCfg = Debug|Any CPU
		{6445F25F-458B-43ED-9CB3-63BBAE00C545}.Debug|ARM32.Build.0 = Debug|Any CPU
		{6445F25F-458B-43ED-9CB3-63BBAE00C545}.Debug|ARM64.ActiveCfg = Debug|Any CPU
		{6445F25F-458B-43ED-9CB3-63BBAE00C545}.Debug|ARM64.Build.0 = Debug|Any CPU
		{6445F25F-458B-43ED-9CB3-63BBAE00C545}.Debug|x64.ActiveCfg = Debug|Any CPU
		{6445F25F-458B-43ED-9CB3-63BBAE00C545}.Debug|x64.Build.0 = Debug|Any CPU
		{6445F25F-458B-43ED-9CB3-63BBAE00C545}.Debug|x86.ActiveCfg = Debug|Any CPU
		{6445F25F-458B-43ED-9CB3-63BBAE00C545}.Debug|x86.Build.0 = Debug|Any CPU
		{6445F25F-458B-43ED-9CB3-63BBAE00C545}.Release|Any CPU.ActiveCfg = Release|Any CPU
		{6445F25F-458B-43ED-9CB3-63BBAE00C545}.Release|Any CPU.Build.0 = Release|Any CPU
		{6445F25F-458B-43ED-9CB3-63BBAE00C545}.Release|ARM.ActiveCfg = Release|Any CPU
		{6445F25F-458B-43ED-9CB3-63BBAE00C545}.Release|ARM.Build.0 = Release|Any CPU
		{6445F25F-458B-43ED-9CB3-63BBAE00C545}.Release|ARM32.ActiveCfg = Release|Any CPU
		{6445F25F-458B-43ED-9CB3-63BBAE00C545}.Release|ARM32.Build.0 = Release|Any CPU
		{6445F25F-458B-43ED-9CB3-63BBAE00C545}.Release|ARM64.ActiveCfg = Release|Any CPU
		{6445F25F-458B-43ED-9CB3-63BBAE00C545}.Release|ARM64.Build.0 = Release|Any CPU
		{6445F25F-458B-43ED-9CB3-63BBAE00C545}.Release|x64.ActiveCfg = Release|Any CPU
		{6445F25F-458B-43ED-9CB3-63BBAE00C545}.Release|x64.Build.0 = Release|Any CPU
		{6445F25F-458B-43ED-9CB3-63BBAE00C545}.Release|x86.ActiveCfg = Release|Any CPU
		{6445F25F-458B-43ED-9CB3-63BBAE00C545}.Release|x86.Build.0 = Release|Any CPU
		{EDFE22CA-367F-4DF2-829F-7FDDC492D471}.Debug|Any CPU.ActiveCfg = Debug|Any CPU
		{EDFE22CA-367F-4DF2-829F-7FDDC492D471}.Debug|Any CPU.Build.0 = Debug|Any CPU
		{EDFE22CA-367F-4DF2-829F-7FDDC492D471}.Debug|ARM.ActiveCfg = Debug|Any CPU
		{EDFE22CA-367F-4DF2-829F-7FDDC492D471}.Debug|ARM.Build.0 = Debug|Any CPU
		{EDFE22CA-367F-4DF2-829F-7FDDC492D471}.Debug|ARM32.ActiveCfg = Debug|Any CPU
		{EDFE22CA-367F-4DF2-829F-7FDDC492D471}.Debug|ARM32.Build.0 = Debug|Any CPU
		{EDFE22CA-367F-4DF2-829F-7FDDC492D471}.Debug|ARM64.ActiveCfg = Debug|Any CPU
		{EDFE22CA-367F-4DF2-829F-7FDDC492D471}.Debug|ARM64.Build.0 = Debug|Any CPU
		{EDFE22CA-367F-4DF2-829F-7FDDC492D471}.Debug|x64.ActiveCfg = Debug|Any CPU
		{EDFE22CA-367F-4DF2-829F-7FDDC492D471}.Debug|x64.Build.0 = Debug|Any CPU
		{EDFE22CA-367F-4DF2-829F-7FDDC492D471}.Debug|x86.ActiveCfg = Debug|Any CPU
		{EDFE22CA-367F-4DF2-829F-7FDDC492D471}.Debug|x86.Build.0 = Debug|Any CPU
		{EDFE22CA-367F-4DF2-829F-7FDDC492D471}.Release|Any CPU.ActiveCfg = Release|Any CPU
		{EDFE22CA-367F-4DF2-829F-7FDDC492D471}.Release|Any CPU.Build.0 = Release|Any CPU
		{EDFE22CA-367F-4DF2-829F-7FDDC492D471}.Release|ARM.ActiveCfg = Release|Any CPU
		{EDFE22CA-367F-4DF2-829F-7FDDC492D471}.Release|ARM.Build.0 = Release|Any CPU
		{EDFE22CA-367F-4DF2-829F-7FDDC492D471}.Release|ARM32.ActiveCfg = Release|Any CPU
		{EDFE22CA-367F-4DF2-829F-7FDDC492D471}.Release|ARM32.Build.0 = Release|Any CPU
		{EDFE22CA-367F-4DF2-829F-7FDDC492D471}.Release|ARM64.ActiveCfg = Release|Any CPU
		{EDFE22CA-367F-4DF2-829F-7FDDC492D471}.Release|ARM64.Build.0 = Release|Any CPU
		{EDFE22CA-367F-4DF2-829F-7FDDC492D471}.Release|x64.ActiveCfg = Release|Any CPU
		{EDFE22CA-367F-4DF2-829F-7FDDC492D471}.Release|x64.Build.0 = Release|Any CPU
		{EDFE22CA-367F-4DF2-829F-7FDDC492D471}.Release|x86.ActiveCfg = Release|Any CPU
		{EDFE22CA-367F-4DF2-829F-7FDDC492D471}.Release|x86.Build.0 = Release|Any CPU
		{A5736025-43AD-4D65-BF62-950C9646E15C}.Debug|Any CPU.ActiveCfg = Debug|Any CPU
		{A5736025-43AD-4D65-BF62-950C9646E15C}.Debug|Any CPU.Build.0 = Debug|Any CPU
		{A5736025-43AD-4D65-BF62-950C9646E15C}.Debug|Any CPU.Deploy.0 = Debug|Any CPU
		{A5736025-43AD-4D65-BF62-950C9646E15C}.Debug|ARM.ActiveCfg = Debug|ARM
		{A5736025-43AD-4D65-BF62-950C9646E15C}.Debug|ARM.Build.0 = Debug|ARM
		{A5736025-43AD-4D65-BF62-950C9646E15C}.Debug|ARM.Deploy.0 = Debug|ARM
		{A5736025-43AD-4D65-BF62-950C9646E15C}.Debug|ARM32.ActiveCfg = Debug|Any CPU
		{A5736025-43AD-4D65-BF62-950C9646E15C}.Debug|ARM32.Build.0 = Debug|Any CPU
		{A5736025-43AD-4D65-BF62-950C9646E15C}.Debug|ARM32.Deploy.0 = Debug|Any CPU
		{A5736025-43AD-4D65-BF62-950C9646E15C}.Debug|ARM64.ActiveCfg = Debug|ARM64
		{A5736025-43AD-4D65-BF62-950C9646E15C}.Debug|ARM64.Build.0 = Debug|ARM64
		{A5736025-43AD-4D65-BF62-950C9646E15C}.Debug|ARM64.Deploy.0 = Debug|ARM64
		{A5736025-43AD-4D65-BF62-950C9646E15C}.Debug|x64.ActiveCfg = Debug|x64
		{A5736025-43AD-4D65-BF62-950C9646E15C}.Debug|x64.Build.0 = Debug|x64
		{A5736025-43AD-4D65-BF62-950C9646E15C}.Debug|x64.Deploy.0 = Debug|x64
		{A5736025-43AD-4D65-BF62-950C9646E15C}.Debug|x86.ActiveCfg = Debug|x86
		{A5736025-43AD-4D65-BF62-950C9646E15C}.Debug|x86.Build.0 = Debug|x86
		{A5736025-43AD-4D65-BF62-950C9646E15C}.Debug|x86.Deploy.0 = Debug|x86
		{A5736025-43AD-4D65-BF62-950C9646E15C}.Release|Any CPU.ActiveCfg = Release|Any CPU
		{A5736025-43AD-4D65-BF62-950C9646E15C}.Release|Any CPU.Build.0 = Release|Any CPU
		{A5736025-43AD-4D65-BF62-950C9646E15C}.Release|Any CPU.Deploy.0 = Release|Any CPU
		{A5736025-43AD-4D65-BF62-950C9646E15C}.Release|ARM.ActiveCfg = Release|ARM
		{A5736025-43AD-4D65-BF62-950C9646E15C}.Release|ARM.Build.0 = Release|ARM
		{A5736025-43AD-4D65-BF62-950C9646E15C}.Release|ARM.Deploy.0 = Release|ARM
		{A5736025-43AD-4D65-BF62-950C9646E15C}.Release|ARM32.ActiveCfg = Release|Any CPU
		{A5736025-43AD-4D65-BF62-950C9646E15C}.Release|ARM32.Build.0 = Release|Any CPU
		{A5736025-43AD-4D65-BF62-950C9646E15C}.Release|ARM32.Deploy.0 = Release|Any CPU
		{A5736025-43AD-4D65-BF62-950C9646E15C}.Release|ARM64.ActiveCfg = Release|ARM64
		{A5736025-43AD-4D65-BF62-950C9646E15C}.Release|ARM64.Build.0 = Release|ARM64
		{A5736025-43AD-4D65-BF62-950C9646E15C}.Release|ARM64.Deploy.0 = Release|ARM64
		{A5736025-43AD-4D65-BF62-950C9646E15C}.Release|x64.ActiveCfg = Release|x64
		{A5736025-43AD-4D65-BF62-950C9646E15C}.Release|x64.Build.0 = Release|x64
		{A5736025-43AD-4D65-BF62-950C9646E15C}.Release|x64.Deploy.0 = Release|x64
		{A5736025-43AD-4D65-BF62-950C9646E15C}.Release|x86.ActiveCfg = Release|x86
		{A5736025-43AD-4D65-BF62-950C9646E15C}.Release|x86.Build.0 = Release|x86
		{A5736025-43AD-4D65-BF62-950C9646E15C}.Release|x86.Deploy.0 = Release|x86
		{D16A5DBD-8BED-4A9D-8A9A-F1474D8D0AFE}.Debug|Any CPU.ActiveCfg = Debug|Any CPU
		{D16A5DBD-8BED-4A9D-8A9A-F1474D8D0AFE}.Debug|Any CPU.Build.0 = Debug|Any CPU
		{D16A5DBD-8BED-4A9D-8A9A-F1474D8D0AFE}.Debug|ARM.ActiveCfg = Debug|Any CPU
		{D16A5DBD-8BED-4A9D-8A9A-F1474D8D0AFE}.Debug|ARM.Build.0 = Debug|Any CPU
		{D16A5DBD-8BED-4A9D-8A9A-F1474D8D0AFE}.Debug|ARM32.ActiveCfg = Debug|Any CPU
		{D16A5DBD-8BED-4A9D-8A9A-F1474D8D0AFE}.Debug|ARM32.Build.0 = Debug|Any CPU
		{D16A5DBD-8BED-4A9D-8A9A-F1474D8D0AFE}.Debug|ARM64.ActiveCfg = Debug|Any CPU
		{D16A5DBD-8BED-4A9D-8A9A-F1474D8D0AFE}.Debug|ARM64.Build.0 = Debug|Any CPU
		{D16A5DBD-8BED-4A9D-8A9A-F1474D8D0AFE}.Debug|x64.ActiveCfg = Debug|Any CPU
		{D16A5DBD-8BED-4A9D-8A9A-F1474D8D0AFE}.Debug|x64.Build.0 = Debug|Any CPU
		{D16A5DBD-8BED-4A9D-8A9A-F1474D8D0AFE}.Debug|x86.ActiveCfg = Debug|Any CPU
		{D16A5DBD-8BED-4A9D-8A9A-F1474D8D0AFE}.Debug|x86.Build.0 = Debug|Any CPU
		{D16A5DBD-8BED-4A9D-8A9A-F1474D8D0AFE}.Release|Any CPU.ActiveCfg = Release|Any CPU
		{D16A5DBD-8BED-4A9D-8A9A-F1474D8D0AFE}.Release|Any CPU.Build.0 = Release|Any CPU
		{D16A5DBD-8BED-4A9D-8A9A-F1474D8D0AFE}.Release|ARM.ActiveCfg = Release|Any CPU
		{D16A5DBD-8BED-4A9D-8A9A-F1474D8D0AFE}.Release|ARM.Build.0 = Release|Any CPU
		{D16A5DBD-8BED-4A9D-8A9A-F1474D8D0AFE}.Release|ARM32.ActiveCfg = Release|Any CPU
		{D16A5DBD-8BED-4A9D-8A9A-F1474D8D0AFE}.Release|ARM32.Build.0 = Release|Any CPU
		{D16A5DBD-8BED-4A9D-8A9A-F1474D8D0AFE}.Release|ARM64.ActiveCfg = Release|Any CPU
		{D16A5DBD-8BED-4A9D-8A9A-F1474D8D0AFE}.Release|ARM64.Build.0 = Release|Any CPU
		{D16A5DBD-8BED-4A9D-8A9A-F1474D8D0AFE}.Release|x64.ActiveCfg = Release|Any CPU
		{D16A5DBD-8BED-4A9D-8A9A-F1474D8D0AFE}.Release|x64.Build.0 = Release|Any CPU
		{D16A5DBD-8BED-4A9D-8A9A-F1474D8D0AFE}.Release|x86.ActiveCfg = Release|Any CPU
		{D16A5DBD-8BED-4A9D-8A9A-F1474D8D0AFE}.Release|x86.Build.0 = Release|Any CPU
		{7AB5366A-AF40-4C03-9267-43153F3BA95A}.Debug|Any CPU.ActiveCfg = Debug|Any CPU
		{7AB5366A-AF40-4C03-9267-43153F3BA95A}.Debug|Any CPU.Build.0 = Debug|Any CPU
		{7AB5366A-AF40-4C03-9267-43153F3BA95A}.Debug|ARM.ActiveCfg = Debug|Any CPU
		{7AB5366A-AF40-4C03-9267-43153F3BA95A}.Debug|ARM.Build.0 = Debug|Any CPU
		{7AB5366A-AF40-4C03-9267-43153F3BA95A}.Debug|ARM32.ActiveCfg = Debug|Any CPU
		{7AB5366A-AF40-4C03-9267-43153F3BA95A}.Debug|ARM32.Build.0 = Debug|Any CPU
		{7AB5366A-AF40-4C03-9267-43153F3BA95A}.Debug|ARM64.ActiveCfg = Debug|Any CPU
		{7AB5366A-AF40-4C03-9267-43153F3BA95A}.Debug|ARM64.Build.0 = Debug|Any CPU
		{7AB5366A-AF40-4C03-9267-43153F3BA95A}.Debug|x64.ActiveCfg = Debug|Any CPU
		{7AB5366A-AF40-4C03-9267-43153F3BA95A}.Debug|x64.Build.0 = Debug|Any CPU
		{7AB5366A-AF40-4C03-9267-43153F3BA95A}.Debug|x86.ActiveCfg = Debug|Any CPU
		{7AB5366A-AF40-4C03-9267-43153F3BA95A}.Debug|x86.Build.0 = Debug|Any CPU
		{7AB5366A-AF40-4C03-9267-43153F3BA95A}.Release|Any CPU.ActiveCfg = Release|Any CPU
		{7AB5366A-AF40-4C03-9267-43153F3BA95A}.Release|Any CPU.Build.0 = Release|Any CPU
		{7AB5366A-AF40-4C03-9267-43153F3BA95A}.Release|ARM.ActiveCfg = Release|Any CPU
		{7AB5366A-AF40-4C03-9267-43153F3BA95A}.Release|ARM.Build.0 = Release|Any CPU
		{7AB5366A-AF40-4C03-9267-43153F3BA95A}.Release|ARM32.ActiveCfg = Release|Any CPU
		{7AB5366A-AF40-4C03-9267-43153F3BA95A}.Release|ARM32.Build.0 = Release|Any CPU
		{7AB5366A-AF40-4C03-9267-43153F3BA95A}.Release|ARM64.ActiveCfg = Release|Any CPU
		{7AB5366A-AF40-4C03-9267-43153F3BA95A}.Release|ARM64.Build.0 = Release|Any CPU
		{7AB5366A-AF40-4C03-9267-43153F3BA95A}.Release|x64.ActiveCfg = Release|Any CPU
		{7AB5366A-AF40-4C03-9267-43153F3BA95A}.Release|x64.Build.0 = Release|Any CPU
		{7AB5366A-AF40-4C03-9267-43153F3BA95A}.Release|x86.ActiveCfg = Release|Any CPU
		{7AB5366A-AF40-4C03-9267-43153F3BA95A}.Release|x86.Build.0 = Release|Any CPU
		{CC1B5CA6-189A-41E7-B374-86AA70DF12FD}.Debug|Any CPU.ActiveCfg = Debug|Any CPU
		{CC1B5CA6-189A-41E7-B374-86AA70DF12FD}.Debug|Any CPU.Build.0 = Debug|Any CPU
		{CC1B5CA6-189A-41E7-B374-86AA70DF12FD}.Debug|ARM.ActiveCfg = Debug|Any CPU
		{CC1B5CA6-189A-41E7-B374-86AA70DF12FD}.Debug|ARM.Build.0 = Debug|Any CPU
		{CC1B5CA6-189A-41E7-B374-86AA70DF12FD}.Debug|ARM32.ActiveCfg = Debug|Any CPU
		{CC1B5CA6-189A-41E7-B374-86AA70DF12FD}.Debug|ARM32.Build.0 = Debug|Any CPU
		{CC1B5CA6-189A-41E7-B374-86AA70DF12FD}.Debug|ARM64.ActiveCfg = Debug|Any CPU
		{CC1B5CA6-189A-41E7-B374-86AA70DF12FD}.Debug|ARM64.Build.0 = Debug|Any CPU
		{CC1B5CA6-189A-41E7-B374-86AA70DF12FD}.Debug|x64.ActiveCfg = Debug|Any CPU
		{CC1B5CA6-189A-41E7-B374-86AA70DF12FD}.Debug|x64.Build.0 = Debug|Any CPU
		{CC1B5CA6-189A-41E7-B374-86AA70DF12FD}.Debug|x86.ActiveCfg = Debug|Any CPU
		{CC1B5CA6-189A-41E7-B374-86AA70DF12FD}.Debug|x86.Build.0 = Debug|Any CPU
		{CC1B5CA6-189A-41E7-B374-86AA70DF12FD}.Release|Any CPU.ActiveCfg = Release|Any CPU
		{CC1B5CA6-189A-41E7-B374-86AA70DF12FD}.Release|Any CPU.Build.0 = Release|Any CPU
		{CC1B5CA6-189A-41E7-B374-86AA70DF12FD}.Release|ARM.ActiveCfg = Release|Any CPU
		{CC1B5CA6-189A-41E7-B374-86AA70DF12FD}.Release|ARM.Build.0 = Release|Any CPU
		{CC1B5CA6-189A-41E7-B374-86AA70DF12FD}.Release|ARM32.ActiveCfg = Release|Any CPU
		{CC1B5CA6-189A-41E7-B374-86AA70DF12FD}.Release|ARM32.Build.0 = Release|Any CPU
		{CC1B5CA6-189A-41E7-B374-86AA70DF12FD}.Release|ARM64.ActiveCfg = Release|Any CPU
		{CC1B5CA6-189A-41E7-B374-86AA70DF12FD}.Release|ARM64.Build.0 = Release|Any CPU
		{CC1B5CA6-189A-41E7-B374-86AA70DF12FD}.Release|x64.ActiveCfg = Release|Any CPU
		{CC1B5CA6-189A-41E7-B374-86AA70DF12FD}.Release|x64.Build.0 = Release|Any CPU
		{CC1B5CA6-189A-41E7-B374-86AA70DF12FD}.Release|x86.ActiveCfg = Release|Any CPU
		{CC1B5CA6-189A-41E7-B374-86AA70DF12FD}.Release|x86.Build.0 = Release|Any CPU
	EndGlobalSection
	GlobalSection(SolutionProperties) = preSolution
		HideSolutionNode = FALSE
	EndGlobalSection
	GlobalSection(NestedProjects) = preSolution
		{8D6DDA9F-C8F3-4EDB-8D4A-9CDC729C0F29} = {8BE947CA-064B-4CDF-90A7-81F8DE231B84}
		{8F09E81C-9C7F-46A8-9E75-B65D6AE9F96C} = {FEA8CA71-3E10-4590-8601-E0C3E6E91318}
		{8198F07C-D6CB-470D-B524-8A7CE9A7EE23} = {FEA8CA71-3E10-4590-8601-E0C3E6E91318}
		{875A7860-4C94-4425-A6E1-2F85C43142C0} = {FEA8CA71-3E10-4590-8601-E0C3E6E91318}
		{21D4B33C-F0E8-46F4-88D9-FAB94FD223C6} = {FEA8CA71-3E10-4590-8601-E0C3E6E91318}
		{FEA8CA71-3E10-4590-8601-E0C3E6E91318} = {8BE947CA-064B-4CDF-90A7-81F8DE231B84}
		{7E411443-B016-4003-A3BF-2727C56AB237} = {A17CBB1C-7E50-41AA-9CBF-D8E8BB74F38E}
		{12F69518-D4DA-48C7-81FB-FFDA05C8A5C8} = {A17CBB1C-7E50-41AA-9CBF-D8E8BB74F38E}
		{CC22A8B7-A0E8-4863-8794-2A788548A8A7} = {12F69518-D4DA-48C7-81FB-FFDA05C8A5C8}
		{EEFCDCB4-856C-445C-948D-33ECCE35911C} = {12F69518-D4DA-48C7-81FB-FFDA05C8A5C8}
		{7EE7125B-AF9A-43B2-BB7B-EBBDDE1D6481} = {12F69518-D4DA-48C7-81FB-FFDA05C8A5C8}
		{80143AA4-7CF5-4B34-933E-9A5439671547} = {12F69518-D4DA-48C7-81FB-FFDA05C8A5C8}
		{19E39809-FDB1-4AF1-B7AF-6B91AC44050B} = {12F69518-D4DA-48C7-81FB-FFDA05C8A5C8}
		{51CD62AA-92DD-4DF0-A061-8F8CDDA87749} = {12F69518-D4DA-48C7-81FB-FFDA05C8A5C8}
		{B45E51FF-56E7-4204-8A26-2AF63A270E60} = {A17CBB1C-7E50-41AA-9CBF-D8E8BB74F38E}
		{F43A59D0-F0BB-4E9F-BA91-74892DF27542} = {B45E51FF-56E7-4204-8A26-2AF63A270E60}
		{DCF9B471-43C6-471D-945F-83002BC245FC} = {B45E51FF-56E7-4204-8A26-2AF63A270E60}
		{8A05009B-E4CF-4C6B-B8B8-618107FC65FD} = {B45E51FF-56E7-4204-8A26-2AF63A270E60}
		{F282AEA6-B20C-4F84-B11E-1AF45877F23E} = {B45E51FF-56E7-4204-8A26-2AF63A270E60}
		{A0A7703A-641B-4FFD-A0E6-359028A36449} = {B45E51FF-56E7-4204-8A26-2AF63A270E60}
		{4BAA9267-444D-4DD4-8520-EC17B0A46C1E} = {B45E51FF-56E7-4204-8A26-2AF63A270E60}
		{871C933B-0FC5-4B4B-A05C-F093A0BA49B4} = {B45E51FF-56E7-4204-8A26-2AF63A270E60}
		{6445F25F-458B-43ED-9CB3-63BBAE00C545} = {12F69518-D4DA-48C7-81FB-FFDA05C8A5C8}
		{EDFE22CA-367F-4DF2-829F-7FDDC492D471} = {A17CBB1C-7E50-41AA-9CBF-D8E8BB74F38E}
		{A5736025-43AD-4D65-BF62-950C9646E15C} = {A17CBB1C-7E50-41AA-9CBF-D8E8BB74F38E}
		{D16A5DBD-8BED-4A9D-8A9A-F1474D8D0AFE} = {12F69518-D4DA-48C7-81FB-FFDA05C8A5C8}
		{7AB5366A-AF40-4C03-9267-43153F3BA95A} = {B45E51FF-56E7-4204-8A26-2AF63A270E60}
		{CC1B5CA6-189A-41E7-B374-86AA70DF12FD} = {12F69518-D4DA-48C7-81FB-FFDA05C8A5C8}
	EndGlobalSection
	GlobalSection(ExtensibilityGlobals) = postSolution
		SolutionGuid = {AEF28834-827B-4DA8-AC92-207A90616579}
	EndGlobalSection
EndGlobal
