Microsoft Visual Studio Solution File, Format Version 12.00
# Visual Studio Version 17
VisualStudioVersion = 17.0.32014.148
MinimumVisualStudioVersion = 10.0.40219.1
Project("{9A19103F-16F7-4668-BE54-9A1E7A4F7556}") = "Slithin", "Slithin.csproj", "{8D6DDA9F-C8F3-4EDB-8D4A-9CDC729C0F29}"
EndProject
Project("{2150E333-8FDC-42A3-9474-1A3956D46DE8}") = "Solution Items", "Solution Items", "{19714095-490C-41EE-B64E-C0046D452830}"
	ProjectSection(SolutionItems) = preProject
		..\.editorconfig = ..\.editorconfig
		Changelog.txt = Changelog.txt
	EndProjectSection
EndProject
Project("{9A19103F-16F7-4668-BE54-9A1E7A4F7556}") = "Slithin.Tests", "..\Slithin.Tests\Slithin.Tests.csproj", "{CC751B5B-00A8-414C-9AEF-3500E215C056}"
EndProject
Project("{C7167F0D-BC9F-4E6E-AFE1-012C56B48DB5}") = "Windows-Store", "..\..\Deployment\Windows-Store\Windows-Store.wapproj", "{A5736025-43AD-4D65-BF62-950C9646E15C}"
EndProject
Project("{9A19103F-16F7-4668-BE54-9A1E7A4F7556}") = "Slithin.Scripting", "..\Slithin.Scripting\Slithin.Scripting.csproj", "{472763E2-2905-4FA5-AB40-6D8057185AEA}"
EndProject
Project("{9A19103F-16F7-4668-BE54-9A1E7A4F7556}") = "Slithin.Scripting.Interactive", "..\Slithin.Scripting.Interactive\Slithin.Scripting.Interactive.csproj", "{C4E17E3C-D4ED-4156-82CF-FB03FD830AB6}"
EndProject
Project("{9A19103F-16F7-4668-BE54-9A1E7A4F7556}") = "SlithinMarketplace", "..\SlithinMarketplace\SlithinMarketplace.csproj", "{8F09E81C-9C7F-46A8-9E75-B65D6AE9F96C}"
EndProject
Project("{FAE04EC0-301F-11D3-BF4B-00C04F79EFBC}") = "Slithin.Marketplace.Models", "..\Slithin.Marketplace.Models\Slithin.Marketplace.Models.csproj", "{8198F07C-D6CB-470D-B524-8A7CE9A7EE23}"
EndProject
Global
	GlobalSection(SolutionConfigurationPlatforms) = preSolution
		Debug|Any CPU = Debug|Any CPU
		Debug|ARM = Debug|ARM
		Debug|ARM64 = Debug|ARM64
		Debug|x64 = Debug|x64
		Debug|x86 = Debug|x86
		Release|Any CPU = Release|Any CPU
		Release|ARM = Release|ARM
		Release|ARM64 = Release|ARM64
		Release|x64 = Release|x64
		Release|x86 = Release|x86
	EndGlobalSection
	GlobalSection(ProjectConfigurationPlatforms) = postSolution
		{8D6DDA9F-C8F3-4EDB-8D4A-9CDC729C0F29}.Debug|Any CPU.ActiveCfg = Debug|Any CPU
		{8D6DDA9F-C8F3-4EDB-8D4A-9CDC729C0F29}.Debug|Any CPU.Build.0 = Debug|Any CPU
		{8D6DDA9F-C8F3-4EDB-8D4A-9CDC729C0F29}.Debug|ARM.ActiveCfg = Debug|ARM32
		{8D6DDA9F-C8F3-4EDB-8D4A-9CDC729C0F29}.Debug|ARM.Build.0 = Debug|ARM32
		{8D6DDA9F-C8F3-4EDB-8D4A-9CDC729C0F29}.Debug|ARM64.ActiveCfg = Debug|ARM64
		{8D6DDA9F-C8F3-4EDB-8D4A-9CDC729C0F29}.Debug|ARM64.Build.0 = Debug|ARM64
		{8D6DDA9F-C8F3-4EDB-8D4A-9CDC729C0F29}.Debug|x64.ActiveCfg = Debug|x64
		{8D6DDA9F-C8F3-4EDB-8D4A-9CDC729C0F29}.Debug|x64.Build.0 = Debug|x64
		{8D6DDA9F-C8F3-4EDB-8D4A-9CDC729C0F29}.Debug|x86.ActiveCfg = Debug|x86
		{8D6DDA9F-C8F3-4EDB-8D4A-9CDC729C0F29}.Debug|x86.Build.0 = Debug|x86
		{8D6DDA9F-C8F3-4EDB-8D4A-9CDC729C0F29}.Release|Any CPU.ActiveCfg = Release|Any CPU
		{8D6DDA9F-C8F3-4EDB-8D4A-9CDC729C0F29}.Release|Any CPU.Build.0 = Release|Any CPU
		{8D6DDA9F-C8F3-4EDB-8D4A-9CDC729C0F29}.Release|ARM.ActiveCfg = Release|ARM32
		{8D6DDA9F-C8F3-4EDB-8D4A-9CDC729C0F29}.Release|ARM.Build.0 = Release|ARM32
		{8D6DDA9F-C8F3-4EDB-8D4A-9CDC729C0F29}.Release|ARM64.ActiveCfg = Release|ARM64
		{8D6DDA9F-C8F3-4EDB-8D4A-9CDC729C0F29}.Release|ARM64.Build.0 = Release|ARM64
		{8D6DDA9F-C8F3-4EDB-8D4A-9CDC729C0F29}.Release|x64.ActiveCfg = Release|x64
		{8D6DDA9F-C8F3-4EDB-8D4A-9CDC729C0F29}.Release|x64.Build.0 = Release|x64
		{8D6DDA9F-C8F3-4EDB-8D4A-9CDC729C0F29}.Release|x86.ActiveCfg = Release|x86
		{8D6DDA9F-C8F3-4EDB-8D4A-9CDC729C0F29}.Release|x86.Build.0 = Release|x86
		{CC751B5B-00A8-414C-9AEF-3500E215C056}.Debug|Any CPU.ActiveCfg = Debug|Any CPU
		{CC751B5B-00A8-414C-9AEF-3500E215C056}.Debug|Any CPU.Build.0 = Debug|Any CPU
		{CC751B5B-00A8-414C-9AEF-3500E215C056}.Debug|ARM.ActiveCfg = Debug|Any CPU
		{CC751B5B-00A8-414C-9AEF-3500E215C056}.Debug|ARM.Build.0 = Debug|Any CPU
		{CC751B5B-00A8-414C-9AEF-3500E215C056}.Debug|ARM64.ActiveCfg = Debug|Any CPU
		{CC751B5B-00A8-414C-9AEF-3500E215C056}.Debug|ARM64.Build.0 = Debug|Any CPU
		{CC751B5B-00A8-414C-9AEF-3500E215C056}.Debug|x64.ActiveCfg = Debug|Any CPU
		{CC751B5B-00A8-414C-9AEF-3500E215C056}.Debug|x64.Build.0 = Debug|Any CPU
		{CC751B5B-00A8-414C-9AEF-3500E215C056}.Debug|x86.ActiveCfg = Debug|Any CPU
		{CC751B5B-00A8-414C-9AEF-3500E215C056}.Debug|x86.Build.0 = Debug|Any CPU
		{CC751B5B-00A8-414C-9AEF-3500E215C056}.Release|Any CPU.ActiveCfg = Release|Any CPU
		{CC751B5B-00A8-414C-9AEF-3500E215C056}.Release|Any CPU.Build.0 = Release|Any CPU
		{CC751B5B-00A8-414C-9AEF-3500E215C056}.Release|ARM.ActiveCfg = Release|Any CPU
		{CC751B5B-00A8-414C-9AEF-3500E215C056}.Release|ARM.Build.0 = Release|Any CPU
		{CC751B5B-00A8-414C-9AEF-3500E215C056}.Release|ARM64.ActiveCfg = Release|Any CPU
		{CC751B5B-00A8-414C-9AEF-3500E215C056}.Release|ARM64.Build.0 = Release|Any CPU
		{CC751B5B-00A8-414C-9AEF-3500E215C056}.Release|x64.ActiveCfg = Release|Any CPU
		{CC751B5B-00A8-414C-9AEF-3500E215C056}.Release|x64.Build.0 = Release|Any CPU
		{CC751B5B-00A8-414C-9AEF-3500E215C056}.Release|x86.ActiveCfg = Release|Any CPU
		{CC751B5B-00A8-414C-9AEF-3500E215C056}.Release|x86.Build.0 = Release|Any CPU
		{A5736025-43AD-4D65-BF62-950C9646E15C}.Debug|Any CPU.ActiveCfg = Debug|Any CPU
		{A5736025-43AD-4D65-BF62-950C9646E15C}.Debug|Any CPU.Build.0 = Debug|Any CPU
		{A5736025-43AD-4D65-BF62-950C9646E15C}.Debug|Any CPU.Deploy.0 = Debug|Any CPU
		{A5736025-43AD-4D65-BF62-950C9646E15C}.Debug|ARM.ActiveCfg = Debug|ARM
		{A5736025-43AD-4D65-BF62-950C9646E15C}.Debug|ARM.Build.0 = Debug|ARM
		{A5736025-43AD-4D65-BF62-950C9646E15C}.Debug|ARM.Deploy.0 = Debug|ARM
		{A5736025-43AD-4D65-BF62-950C9646E15C}.Debug|ARM64.ActiveCfg = Debug|ARM64
		{A5736025-43AD-4D65-BF62-950C9646E15C}.Debug|ARM64.Build.0 = Debug|ARM64
		{A5736025-43AD-4D65-BF62-950C9646E15C}.Debug|ARM64.Deploy.0 = Debug|ARM64
		{A5736025-43AD-4D65-BF62-950C9646E15C}.Debug|x64.ActiveCfg = Debug|x64
		{A5736025-43AD-4D65-BF62-950C9646E15C}.Debug|x64.Build.0 = Debug|x64
		{A5736025-43AD-4D65-BF62-950C9646E15C}.Debug|x64.Deploy.0 = Debug|x64
		{A5736025-43AD-4D65-BF62-950C9646E15C}.Debug|x86.ActiveCfg = Debug|x86
		{A5736025-43AD-4D65-BF62-950C9646E15C}.Debug|x86.Build.0 = Debug|x86
		{A5736025-43AD-4D65-BF62-950C9646E15C}.Debug|x86.Deploy.0 = Debug|x86
		{A5736025-43AD-4D65-BF62-950C9646E15C}.Release|Any CPU.ActiveCfg = Release|Any CPU
		{A5736025-43AD-4D65-BF62-950C9646E15C}.Release|Any CPU.Build.0 = Release|Any CPU
		{A5736025-43AD-4D65-BF62-950C9646E15C}.Release|Any CPU.Deploy.0 = Release|Any CPU
		{A5736025-43AD-4D65-BF62-950C9646E15C}.Release|ARM.ActiveCfg = Release|ARM
		{A5736025-43AD-4D65-BF62-950C9646E15C}.Release|ARM.Build.0 = Release|ARM
		{A5736025-43AD-4D65-BF62-950C9646E15C}.Release|ARM.Deploy.0 = Release|ARM
		{A5736025-43AD-4D65-BF62-950C9646E15C}.Release|ARM64.ActiveCfg = Release|ARM64
		{A5736025-43AD-4D65-BF62-950C9646E15C}.Release|ARM64.Build.0 = Release|ARM64
		{A5736025-43AD-4D65-BF62-950C9646E15C}.Release|ARM64.Deploy.0 = Release|ARM64
		{A5736025-43AD-4D65-BF62-950C9646E15C}.Release|x64.ActiveCfg = Release|x64
		{A5736025-43AD-4D65-BF62-950C9646E15C}.Release|x64.Build.0 = Release|x64
		{A5736025-43AD-4D65-BF62-950C9646E15C}.Release|x64.Deploy.0 = Release|x64
		{A5736025-43AD-4D65-BF62-950C9646E15C}.Release|x86.ActiveCfg = Release|x86
		{A5736025-43AD-4D65-BF62-950C9646E15C}.Release|x86.Build.0 = Release|x86
		{A5736025-43AD-4D65-BF62-950C9646E15C}.Release|x86.Deploy.0 = Release|x86
		{472763E2-2905-4FA5-AB40-6D8057185AEA}.Debug|Any CPU.ActiveCfg = Debug|Any CPU
		{472763E2-2905-4FA5-AB40-6D8057185AEA}.Debug|Any CPU.Build.0 = Debug|Any CPU
		{472763E2-2905-4FA5-AB40-6D8057185AEA}.Debug|ARM.ActiveCfg = Debug|Any CPU
		{472763E2-2905-4FA5-AB40-6D8057185AEA}.Debug|ARM.Build.0 = Debug|Any CPU
		{472763E2-2905-4FA5-AB40-6D8057185AEA}.Debug|ARM64.ActiveCfg = Debug|Any CPU
		{472763E2-2905-4FA5-AB40-6D8057185AEA}.Debug|ARM64.Build.0 = Debug|Any CPU
		{472763E2-2905-4FA5-AB40-6D8057185AEA}.Debug|x64.ActiveCfg = Debug|Any CPU
		{472763E2-2905-4FA5-AB40-6D8057185AEA}.Debug|x64.Build.0 = Debug|Any CPU
		{472763E2-2905-4FA5-AB40-6D8057185AEA}.Debug|x86.ActiveCfg = Debug|Any CPU
		{472763E2-2905-4FA5-AB40-6D8057185AEA}.Debug|x86.Build.0 = Debug|Any CPU
		{472763E2-2905-4FA5-AB40-6D8057185AEA}.Release|Any CPU.ActiveCfg = Release|Any CPU
		{472763E2-2905-4FA5-AB40-6D8057185AEA}.Release|Any CPU.Build.0 = Release|Any CPU
		{472763E2-2905-4FA5-AB40-6D8057185AEA}.Release|ARM.ActiveCfg = Release|Any CPU
		{472763E2-2905-4FA5-AB40-6D8057185AEA}.Release|ARM.Build.0 = Release|Any CPU
		{472763E2-2905-4FA5-AB40-6D8057185AEA}.Release|ARM64.ActiveCfg = Release|Any CPU
		{472763E2-2905-4FA5-AB40-6D8057185AEA}.Release|ARM64.Build.0 = Release|Any CPU
		{472763E2-2905-4FA5-AB40-6D8057185AEA}.Release|x64.ActiveCfg = Release|Any CPU
		{472763E2-2905-4FA5-AB40-6D8057185AEA}.Release|x64.Build.0 = Release|Any CPU
		{472763E2-2905-4FA5-AB40-6D8057185AEA}.Release|x86.ActiveCfg = Release|Any CPU
		{472763E2-2905-4FA5-AB40-6D8057185AEA}.Release|x86.Build.0 = Release|Any CPU
		{C4E17E3C-D4ED-4156-82CF-FB03FD830AB6}.Debug|Any CPU.ActiveCfg = Debug|Any CPU
		{C4E17E3C-D4ED-4156-82CF-FB03FD830AB6}.Debug|Any CPU.Build.0 = Debug|Any CPU
		{C4E17E3C-D4ED-4156-82CF-FB03FD830AB6}.Debug|ARM.ActiveCfg = Debug|Any CPU
		{C4E17E3C-D4ED-4156-82CF-FB03FD830AB6}.Debug|ARM.Build.0 = Debug|Any CPU
		{C4E17E3C-D4ED-4156-82CF-FB03FD830AB6}.Debug|ARM64.ActiveCfg = Debug|Any CPU
		{C4E17E3C-D4ED-4156-82CF-FB03FD830AB6}.Debug|ARM64.Build.0 = Debug|Any CPU
		{C4E17E3C-D4ED-4156-82CF-FB03FD830AB6}.Debug|x64.ActiveCfg = Debug|Any CPU
		{C4E17E3C-D4ED-4156-82CF-FB03FD830AB6}.Debug|x64.Build.0 = Debug|Any CPU
		{C4E17E3C-D4ED-4156-82CF-FB03FD830AB6}.Debug|x86.ActiveCfg = Debug|Any CPU
		{C4E17E3C-D4ED-4156-82CF-FB03FD830AB6}.Debug|x86.Build.0 = Debug|Any CPU
		{C4E17E3C-D4ED-4156-82CF-FB03FD830AB6}.Release|Any CPU.ActiveCfg = Release|Any CPU
		{C4E17E3C-D4ED-4156-82CF-FB03FD830AB6}.Release|Any CPU.Build.0 = Release|Any CPU
		{C4E17E3C-D4ED-4156-82CF-FB03FD830AB6}.Release|ARM.ActiveCfg = Release|Any CPU
		{C4E17E3C-D4ED-4156-82CF-FB03FD830AB6}.Release|ARM.Build.0 = Release|Any CPU
		{C4E17E3C-D4ED-4156-82CF-FB03FD830AB6}.Release|ARM64.ActiveCfg = Release|Any CPU
		{C4E17E3C-D4ED-4156-82CF-FB03FD830AB6}.Release|ARM64.Build.0 = Release|Any CPU
		{C4E17E3C-D4ED-4156-82CF-FB03FD830AB6}.Release|x64.ActiveCfg = Release|Any CPU
		{C4E17E3C-D4ED-4156-82CF-FB03FD830AB6}.Release|x64.Build.0 = Release|Any CPU
		{C4E17E3C-D4ED-4156-82CF-FB03FD830AB6}.Release|x86.ActiveCfg = Release|Any CPU
		{C4E17E3C-D4ED-4156-82CF-FB03FD830AB6}.Release|x86.Build.0 = Release|Any CPU
		{8F09E81C-9C7F-46A8-9E75-B65D6AE9F96C}.Debug|Any CPU.ActiveCfg = Debug|Any CPU
		{8F09E81C-9C7F-46A8-9E75-B65D6AE9F96C}.Debug|Any CPU.Build.0 = Debug|Any CPU
		{8F09E81C-9C7F-46A8-9E75-B65D6AE9F96C}.Debug|ARM.ActiveCfg = Debug|Any CPU
		{8F09E81C-9C7F-46A8-9E75-B65D6AE9F96C}.Debug|ARM.Build.0 = Debug|Any CPU
		{8F09E81C-9C7F-46A8-9E75-B65D6AE9F96C}.Debug|ARM64.ActiveCfg = Debug|Any CPU
		{8F09E81C-9C7F-46A8-9E75-B65D6AE9F96C}.Debug|ARM64.Build.0 = Debug|Any CPU
		{8F09E81C-9C7F-46A8-9E75-B65D6AE9F96C}.Debug|x64.ActiveCfg = Debug|Any CPU
		{8F09E81C-9C7F-46A8-9E75-B65D6AE9F96C}.Debug|x64.Build.0 = Debug|Any CPU
		{8F09E81C-9C7F-46A8-9E75-B65D6AE9F96C}.Debug|x86.ActiveCfg = Debug|Any CPU
		{8F09E81C-9C7F-46A8-9E75-B65D6AE9F96C}.Debug|x86.Build.0 = Debug|Any CPU
		{8F09E81C-9C7F-46A8-9E75-B65D6AE9F96C}.Release|Any CPU.ActiveCfg = Release|Any CPU
		{8F09E81C-9C7F-46A8-9E75-B65D6AE9F96C}.Release|Any CPU.Build.0 = Release|Any CPU
		{8F09E81C-9C7F-46A8-9E75-B65D6AE9F96C}.Release|ARM.ActiveCfg = Release|Any CPU
		{8F09E81C-9C7F-46A8-9E75-B65D6AE9F96C}.Release|ARM.Build.0 = Release|Any CPU
		{8F09E81C-9C7F-46A8-9E75-B65D6AE9F96C}.Release|ARM64.ActiveCfg = Release|Any CPU
		{8F09E81C-9C7F-46A8-9E75-B65D6AE9F96C}.Release|ARM64.Build.0 = Release|Any CPU
		{8F09E81C-9C7F-46A8-9E75-B65D6AE9F96C}.Release|x64.ActiveCfg = Release|Any CPU
		{8F09E81C-9C7F-46A8-9E75-B65D6AE9F96C}.Release|x64.Build.0 = Release|Any CPU
		{8F09E81C-9C7F-46A8-9E75-B65D6AE9F96C}.Release|x86.ActiveCfg = Release|Any CPU
		{8F09E81C-9C7F-46A8-9E75-B65D6AE9F96C}.Release|x86.Build.0 = Release|Any CPU
		{8198F07C-D6CB-470D-B524-8A7CE9A7EE23}.Debug|Any CPU.ActiveCfg = Debug|Any CPU
		{8198F07C-D6CB-470D-B524-8A7CE9A7EE23}.Debug|Any CPU.Build.0 = Debug|Any CPU
		{8198F07C-D6CB-470D-B524-8A7CE9A7EE23}.Debug|ARM.ActiveCfg = Debug|Any CPU
		{8198F07C-D6CB-470D-B524-8A7CE9A7EE23}.Debug|ARM.Build.0 = Debug|Any CPU
		{8198F07C-D6CB-470D-B524-8A7CE9A7EE23}.Debug|ARM64.ActiveCfg = Debug|Any CPU
		{8198F07C-D6CB-470D-B524-8A7CE9A7EE23}.Debug|ARM64.Build.0 = Debug|Any CPU
		{8198F07C-D6CB-470D-B524-8A7CE9A7EE23}.Debug|x64.ActiveCfg = Debug|Any CPU
		{8198F07C-D6CB-470D-B524-8A7CE9A7EE23}.Debug|x64.Build.0 = Debug|Any CPU
		{8198F07C-D6CB-470D-B524-8A7CE9A7EE23}.Debug|x86.ActiveCfg = Debug|Any CPU
		{8198F07C-D6CB-470D-B524-8A7CE9A7EE23}.Debug|x86.Build.0 = Debug|Any CPU
		{8198F07C-D6CB-470D-B524-8A7CE9A7EE23}.Release|Any CPU.ActiveCfg = Release|Any CPU
		{8198F07C-D6CB-470D-B524-8A7CE9A7EE23}.Release|Any CPU.Build.0 = Release|Any CPU
		{8198F07C-D6CB-470D-B524-8A7CE9A7EE23}.Release|ARM.ActiveCfg = Release|Any CPU
		{8198F07C-D6CB-470D-B524-8A7CE9A7EE23}.Release|ARM.Build.0 = Release|Any CPU
		{8198F07C-D6CB-470D-B524-8A7CE9A7EE23}.Release|ARM64.ActiveCfg = Release|Any CPU
		{8198F07C-D6CB-470D-B524-8A7CE9A7EE23}.Release|ARM64.Build.0 = Release|Any CPU
		{8198F07C-D6CB-470D-B524-8A7CE9A7EE23}.Release|x64.ActiveCfg = Release|Any CPU
		{8198F07C-D6CB-470D-B524-8A7CE9A7EE23}.Release|x64.Build.0 = Release|Any CPU
		{8198F07C-D6CB-470D-B524-8A7CE9A7EE23}.Release|x86.ActiveCfg = Release|Any CPU
		{8198F07C-D6CB-470D-B524-8A7CE9A7EE23}.Release|x86.Build.0 = Release|Any CPU
	EndGlobalSection
	GlobalSection(SolutionProperties) = preSolution
		HideSolutionNode = FALSE
	EndGlobalSection
	GlobalSection(ExtensibilityGlobals) = postSolution
		SolutionGuid = {AEF28834-827B-4DA8-AC92-207A90616579}
	EndGlobalSection
EndGlobal
