{
  "name": "std",
  "version": "1.0.0",
  "lockfileVersion": 2,
  "requires": true,
  "packages": {
    "": {
      "name": "std",
      "version": "1.0.0",
      "license": "ISC",
      "dependencies": {
        "@assemblyscript/loader": "^0.19.20"
      },
      "devDependencies": {
        "assemblyscript": "^0.19.20"
      }
    },
    "node_modules/@assemblyscript/loader": {
      "version": "0.19.20",
      "resolved": "https://registry.npmjs.org/@assemblyscript/loader/-/loader-0.19.20.tgz",
      "integrity": "sha512-BKKWNGwp0xyELmk214RnwB4fxZeNokBkkvpCzpBbkD1FnDuNO7Dv96WECOPeiFySPl78FKAihlasU8MJ1Vldnw=="
    },
    "node_modules/assemblyscript": {
      "version": "0.19.20",
      "resolved": "https://registry.npmjs.org/assemblyscript/-/assemblyscript-0.19.20.tgz",
      "integrity": "sha512-uull/pqWqKZkBC8pQM+oujNoRKC4bN+gv/cJ2Dl71fOzvCXqQN+q/36RpMzN4v5nryt8XoKwXQ8dbv4zGU1nbQ==",
      "dev": true,
      "dependencies": {
        "binaryen": "102.0.0-nightly.20211028",
        "long": "^5.1.0",
        "source-map-support": "^0.5.20"
      },
      "bin": {
        "asc": "bin/asc",
        "asinit": "bin/asinit"
      },
      "funding": {
        "type": "opencollective",
        "url": "https://opencollective.com/assemblyscript"
      }
    },
    "node_modules/binaryen": {
      "version": "102.0.0-nightly.20211028",
      "resolved": "https://registry.npmjs.org/binaryen/-/binaryen-102.0.0-nightly.20211028.tgz",
      "integrity": "sha512-GCJBVB5exbxzzvyt8MGDv/MeUjs6gkXDvf4xOIItRBptYl0Tz5sm1o/uG95YK0L0VeG5ajDu3hRtkBP2kzqC5w==",
      "dev": true,
      "bin": {
        "wasm-opt": "bin/wasm-opt"
      }
    },
    "node_modules/buffer-from": {
      "version": "1.1.2",
      "resolved": "https://registry.npmjs.org/buffer-from/-/buffer-from-1.1.2.tgz",
      "integrity": "sha512-E+XQCRwSbaaiChtv6k6Dwgc+bx+Bs6vuKJHHl5kox/BaKbhiXzqQOwK4cO22yElGp2OCmjwVhT3HmxgyPGnJfQ==",
      "dev": true
    },
    "node_modules/long": {
      "version": "5.1.0",
      "resolved": "https://registry.npmjs.org/long/-/long-5.1.0.tgz",
      "integrity": "sha512-eNc10JP6ezXp/qxXZlKS4OHAKNae3je9LUkjmXPDEa+Iidlz0n4nFi/9LT+GOgcayMWhykLoISN+v0THeOiWQQ==",
      "dev": true
    },
    "node_modules/source-map": {
      "version": "0.6.1",
      "resolved": "https://registry.npmjs.org/source-map/-/source-map-0.6.1.tgz",
      "integrity": "sha512-UjgapumWlbMhkBgzT7Ykc5YXUT46F0iKu8SGXq0bcwP5dz/h0Plj6enJqjz1Zbq2l5WaqYnrVbwWOWMyF3F47g==",
      "dev": true,
      "engines": {
        "node": ">=0.10.0"
      }
    },
    "node_modules/source-map-support": {
      "version": "0.5.20",
      "resolved": "https://registry.npmjs.org/source-map-support/-/source-map-support-0.5.20.tgz",
      "integrity": "sha512-n1lZZ8Ve4ksRqizaBQgxXDgKwttHDhyfQjA6YZZn8+AroHbsIz+JjwxQDxbp+7y5OYCI8t1Yk7etjD9CRd2hIw==",
      "dev": true,
      "dependencies": {
        "buffer-from": "^1.0.0",
        "source-map": "^0.6.0"
      }
    }
  },
  "dependencies": {
    "@assemblyscript/loader": {
      "version": "0.19.20",
      "resolved": "https://registry.npmjs.org/@assemblyscript/loader/-/loader-0.19.20.tgz",
      "integrity": "sha512-BKKWNGwp0xyELmk214RnwB4fxZeNokBkkvpCzpBbkD1FnDuNO7Dv96WECOPeiFySPl78FKAihlasU8MJ1Vldnw=="
    },
    "assemblyscript": {
      "version": "0.19.20",
      "resolved": "https://registry.npmjs.org/assemblyscript/-/assemblyscript-0.19.20.tgz",
      "integrity": "sha512-uull/pqWqKZkBC8pQM+oujNoRKC4bN+gv/cJ2Dl71fOzvCXqQN+q/36RpMzN4v5nryt8XoKwXQ8dbv4zGU1nbQ==",
      "dev": true,
      "requires": {
        "binaryen": "102.0.0-nightly.20211028",
        "long": "^5.1.0",
        "source-map-support": "^0.5.20"
      }
    },
    "binaryen": {
      "version": "102.0.0-nightly.20211028",
      "resolved": "https://registry.npmjs.org/binaryen/-/binaryen-102.0.0-nightly.20211028.tgz",
      "integrity": "sha512-GCJBVB5exbxzzvyt8MGDv/MeUjs6gkXDvf4xOIItRBptYl0Tz5sm1o/uG95YK0L0VeG5ajDu3hRtkBP2kzqC5w==",
      "dev": true
    },
    "buffer-from": {
      "version": "1.1.2",
      "resolved": "https://registry.npmjs.org/buffer-from/-/buffer-from-1.1.2.tgz",
      "integrity": "sha512-E+XQCRwSbaaiChtv6k6Dwgc+bx+Bs6vuKJHHl5kox/BaKbhiXzqQOwK4cO22yElGp2OCmjwVhT3HmxgyPGnJfQ==",
      "dev": true
    },
    "long": {
      "version": "5.1.0",
      "resolved": "https://registry.npmjs.org/long/-/long-5.1.0.tgz",
      "integrity": "sha512-eNc10JP6ezXp/qxXZlKS4OHAKNae3je9LUkjmXPDEa+Iidlz0n4nFi/9LT+GOgcayMWhykLoISN+v0THeOiWQQ==",
      "dev": true
    },
    "source-map": {
      "version": "0.6.1",
      "resolved": "https://registry.npmjs.org/source-map/-/source-map-0.6.1.tgz",
      "integrity": "sha512-UjgapumWlbMhkBgzT7Ykc5YXUT46F0iKu8SGXq0bcwP5dz/h0Plj6enJqjz1Zbq2l5WaqYnrVbwWOWMyF3F47g==",
      "dev": true
    },
    "source-map-support": {
      "version": "0.5.20",
      "resolved": "https://registry.npmjs.org/source-map-support/-/source-map-support-0.5.20.tgz",
      "integrity": "sha512-n1lZZ8Ve4ksRqizaBQgxXDgKwttHDhyfQjA6YZZn8+AroHbsIz+JjwxQDxbp+7y5OYCI8t1Yk7etjD9CRd2hIw==",
      "dev": true,
      "requires": {
        "buffer-from": "^1.0.0",
        "source-map": "^0.6.0"
      }
    }
  }
}
