Microsoft Visual Studio Solution File, Format Version 12.00
# Visual Studio Version 16
VisualStudioVersion = 16.0.31424.327
MinimumVisualStudioVersion = 10.0.40219.1
Project("{9A19103F-16F7-4668-BE54-9A1E7A4F7556}") = "Slithin", "Slithin.csproj", "{8D6DDA9F-C8F3-4EDB-8D4A-9CDC729C0F29}"
EndProject
Project("{9A19103F-16F7-4668-BE54-9A1E7A4F7556}") = "LicenceKeyGenerator", "..\LicenceKeyGenerator\LicenceKeyGenerator.csproj", "{12FA410D-0AF0-4C63-88FE-5967BF92DFBC}"
EndProject
Project("{2150E333-8FDC-42A3-9474-1A3956D46DE8}") = "Solution Items", "Solution Items", "{19714095-490C-41EE-B64E-C0046D452830}"
	ProjectSection(SolutionItems) = preProject
		.editorconfig = .editorconfig
		..\ToDo.txt = ..\ToDo.txt
	EndProjectSection
EndProject
Project("{13B669BE-BB05-4DDF-9536-439F39A36129}") = "WebApi", "..\Api\WebApi.msbuildproj", "{83BEED4C-6014-4260-A62A-AE02616E7CF6}"
EndProject
Project("{FAE04EC0-301F-11D3-BF4B-00C04F79EFBC}") = "Tests", "..\Tests\Tests.csproj", "{C81A54EF-AB9F-44C1-8853-9F1BC7425FF4}"
EndProject
Global
	GlobalSection(SolutionConfigurationPlatforms) = preSolution
		Debug|Any CPU = Debug|Any CPU
		Release|Any CPU = Release|Any CPU
	EndGlobalSection
	GlobalSection(ProjectConfigurationPlatforms) = postSolution
		{8D6DDA9F-C8F3-4EDB-8D4A-9CDC729C0F29}.Debug|Any CPU.ActiveCfg = Debug|Any CPU
		{8D6DDA9F-C8F3-4EDB-8D4A-9CDC729C0F29}.Debug|Any CPU.Build.0 = Debug|Any CPU
		{8D6DDA9F-C8F3-4EDB-8D4A-9CDC729C0F29}.Release|Any CPU.ActiveCfg = Release|Any CPU
		{8D6DDA9F-C8F3-4EDB-8D4A-9CDC729C0F29}.Release|Any CPU.Build.0 = Release|Any CPU
		{12FA410D-0AF0-4C63-88FE-5967BF92DFBC}.Debug|Any CPU.ActiveCfg = Debug|Any CPU
		{12FA410D-0AF0-4C63-88FE-5967BF92DFBC}.Debug|Any CPU.Build.0 = Debug|Any CPU
		{12FA410D-0AF0-4C63-88FE-5967BF92DFBC}.Release|Any CPU.ActiveCfg = Release|Any CPU
		{12FA410D-0AF0-4C63-88FE-5967BF92DFBC}.Release|Any CPU.Build.0 = Release|Any CPU
		{83BEED4C-6014-4260-A62A-AE02616E7CF6}.Debug|Any CPU.ActiveCfg = Debug|Any CPU
		{83BEED4C-6014-4260-A62A-AE02616E7CF6}.Debug|Any CPU.Build.0 = Debug|Any CPU
		{83BEED4C-6014-4260-A62A-AE02616E7CF6}.Release|Any CPU.ActiveCfg = Release|Any CPU
		{83BEED4C-6014-4260-A62A-AE02616E7CF6}.Release|Any CPU.Build.0 = Release|Any CPU
		{C81A54EF-AB9F-44C1-8853-9F1BC7425FF4}.Debug|Any CPU.ActiveCfg = Debug|Any CPU
		{C81A54EF-AB9F-44C1-8853-9F1BC7425FF4}.Debug|Any CPU.Build.0 = Debug|Any CPU
		{C81A54EF-AB9F-44C1-8853-9F1BC7425FF4}.Release|Any CPU.ActiveCfg = Release|Any CPU
		{C81A54EF-AB9F-44C1-8853-9F1BC7425FF4}.Release|Any CPU.Build.0 = Release|Any CPU
	EndGlobalSection
	GlobalSection(SolutionProperties) = preSolution
		HideSolutionNode = FALSE
	EndGlobalSection
	GlobalSection(ExtensibilityGlobals) = postSolution
		SolutionGuid = {AEF28834-827B-4DA8-AC92-207A90616579}
	EndGlobalSection
EndGlobal
